
Microsoft Visual Studio Solution File, Format Version 10.00
# Visual Studio 2008
Project("{FAE04EC0-301F-11D3-BF4B-00C04F79EFBC}") = "MetaTweetServer", "MetaTweetServer\MetaTweetServer.csproj", "{D82BEE65-B947-49A7-957D-4878BF0E4A07}"
EndProject
Project("{FAE04EC0-301F-11D3-BF4B-00C04F79EFBC}") = "MetaTweetHostService", "MetaTweetHostService\MetaTweetHostService.csproj", "{63E6CA8A-FB0B-48E0-97ED-1CD67C3D5EF6}"
EndProject
Project("{FAE04EC0-301F-11D3-BF4B-00C04F79EFBC}") = "XSpectCommonFramework", "XSpectCommonFramework\XSpectCommonFramework.csproj", "{244CFA1F-08D5-40AE-9442-0176AE092709}"
EndProject
Project("{FAE04EC0-301F-11D3-BF4B-00C04F79EFBC}") = "TwitterApiProxy", "TwitterApiProxy\TwitterApiProxy.csproj", "{34DB1743-355C-4EA9-BAB5-EFB8339FF2CB}"
EndProject
Global
	GlobalSection(SolutionConfigurationPlatforms) = preSolution
		Debug|Any CPU = Debug|Any CPU
		Release|Any CPU = Release|Any CPU
	EndGlobalSection
	GlobalSection(ProjectConfigurationPlatforms) = postSolution
		{D82BEE65-B947-49A7-957D-4878BF0E4A07}.Debug|Any CPU.ActiveCfg = Debug|Any CPU
		{D82BEE65-B947-49A7-957D-4878BF0E4A07}.Debug|Any CPU.Build.0 = Debug|Any CPU
		{D82BEE65-B947-49A7-957D-4878BF0E4A07}.Release|Any CPU.ActiveCfg = Release|Any CPU
		{D82BEE65-B947-49A7-957D-4878BF0E4A07}.Release|Any CPU.Build.0 = Release|Any CPU
		{63E6CA8A-FB0B-48E0-97ED-1CD67C3D5EF6}.Debug|Any CPU.ActiveCfg = Debug|Any CPU
		{63E6CA8A-FB0B-48E0-97ED-1CD67C3D5EF6}.Debug|Any CPU.Build.0 = Debug|Any CPU
		{63E6CA8A-FB0B-48E0-97ED-1CD67C3D5EF6}.Release|Any CPU.ActiveCfg = Release|Any CPU
		{63E6CA8A-FB0B-48E0-97ED-1CD67C3D5EF6}.Release|Any CPU.Build.0 = Release|Any CPU
		{244CFA1F-08D5-40AE-9442-0176AE092709}.Debug|Any CPU.ActiveCfg = Debug|Any CPU
		{244CFA1F-08D5-40AE-9442-0176AE092709}.Debug|Any CPU.Build.0 = Debug|Any CPU
		{244CFA1F-08D5-40AE-9442-0176AE092709}.Release|Any CPU.ActiveCfg = Release|Any CPU
		{244CFA1F-08D5-40AE-9442-0176AE092709}.Release|Any CPU.Build.0 = Release|Any CPU
		{34DB1743-355C-4EA9-BAB5-EFB8339FF2CB}.Debug|Any CPU.ActiveCfg = Debug|Any CPU
		{34DB1743-355C-4EA9-BAB5-EFB8339FF2CB}.Debug|Any CPU.Build.0 = Debug|Any CPU
		{34DB1743-355C-4EA9-BAB5-EFB8339FF2CB}.Release|Any CPU.ActiveCfg = Release|Any CPU
		{34DB1743-355C-4EA9-BAB5-EFB8339FF2CB}.Release|Any CPU.Build.0 = Release|Any CPU
	EndGlobalSection
	GlobalSection(SolutionProperties) = preSolution
		HideSolutionNode = FALSE
	EndGlobalSection
EndGlobal
