
Microsoft Visual Studio Solution File, Format Version 11.00
# Visual Studio 2010
Project("{2150E333-8FDC-42A3-9474-1A3956D46DE8}") = "Module", "Module", "{B9F06E43-484C-455A-BCE5-A53A69EAEC0A}"
EndProject
Project("{2150E333-8FDC-42A3-9474-1A3956D46DE8}") = "Client", "Client", "{3E5282F1-7B0F-4C78-A90A-EE8DE3CC9D21}"
EndProject
Project("{2150E333-8FDC-42A3-9474-1A3956D46DE8}") = "Library", "Library", "{7CC51D41-2D26-4493-9943-69A6D049AF53}"
EndProject
Project("{FAE04EC0-301F-11D3-BF4B-00C04F79EFBC}") = "MetaTweetServer", "MetaTweetServer\MetaTweetServer.csproj", "{D82BEE65-B947-49A7-957D-4878BF0E4A07}"
EndProject
Project("{FAE04EC0-301F-11D3-BF4B-00C04F79EFBC}") = "MetaTweetHostService", "MetaTweetHostService\MetaTweetHostService.csproj", "{63E6CA8A-FB0B-48E0-97ED-1CD67C3D5EF6}"
EndProject
Project("{FAE04EC0-301F-11D3-BF4B-00C04F79EFBC}") = "SQLiteStorage", "SQLiteStorage\SQLiteStorage.csproj", "{4CDC246D-0536-4B43-BBE8-128440BE8312}"
EndProject
Project("{FAE04EC0-301F-11D3-BF4B-00C04F79EFBC}") = "MetaTweetObjectModel", "MetaTweetObjectModel\MetaTweetObjectModel.csproj", "{CD0E1F73-A835-422F-839F-05D9ED07DD2C}"
EndProject
Project("{FAE04EC0-301F-11D3-BF4B-00C04F79EFBC}") = "RemotingServant", "RemotingServant\RemotingServant.csproj", "{EE85A328-CCB1-4EDC-9574-567B4930CBF5}"
EndProject
Project("{FAE04EC0-301F-11D3-BF4B-00C04F79EFBC}") = "TwitterApiFlow", "TwitterApiFlow\TwitterApiFlow.csproj", "{FA2D5279-57E7-4268-8033-5B9916674783}"
	ProjectSection(ProjectDependencies) = postProject
		{1E1B5101-A226-4E86-B01D-8E7A0B39F953} = {1E1B5101-A226-4E86-B01D-8E7A0B39F953}
		{EE85A328-CCB1-4EDC-9574-567B4930CBF5} = {EE85A328-CCB1-4EDC-9574-567B4930CBF5}
		{4CDC246D-0536-4B43-BBE8-128440BE8312} = {4CDC246D-0536-4B43-BBE8-128440BE8312}
	EndProjectSection
EndProject
Project("{FAE04EC0-301F-11D3-BF4B-00C04F79EFBC}") = "LocalServant", "LocalServant\LocalServant.csproj", "{1E1B5101-A226-4E86-B01D-8E7A0B39F953}"
EndProject
Project("{FAE04EC0-301F-11D3-BF4B-00C04F79EFBC}") = "SystemFlow", "SystemFlow\SystemFlow.csproj", "{A5B9ECB6-4080-4DC8-BCB5-4C84972E8466}"
EndProject
Project("{FAE04EC0-301F-11D3-BF4B-00C04F79EFBC}") = "TwitterWebFlow", "TwitterWebFlow\TwitterWebFlow.csproj", "{5C2655D7-5A07-4C18-8E29-0B676CA20AF3}"
EndProject
Project("{FAE04EC0-301F-11D3-BF4B-00C04F79EFBC}") = "MetaTweetMint", "MetaTweetMint\MetaTweetMint.csproj", "{69CBA2E1-8DF4-4483-A54C-FCD1578DCA78}"
EndProject
Project("{FAE04EC0-301F-11D3-BF4B-00C04F79EFBC}") = "Linx", "Linx\Linx\Linx.csproj", "{CECE0DEF-E568-42C1-81CF-9BD5F532A76D}"
EndProject
Project("{FAE04EC0-301F-11D3-BF4B-00C04F79EFBC}") = "LinxFramework", "Linx\LinxFramework\LinxFramework.csproj", "{01A70074-BAA2-4A1F-BFDC-F99FC408BDEB}"
EndProject
Project("{FAE04EC0-301F-11D3-BF4B-00C04F79EFBC}") = "LinxWindowsFormsSupplement", "Linx\LinxWindowsFormsSupplement\LinxWindowsFormsSupplement.csproj", "{8621B2BF-EBFB-4FAE-916F-A9137532DDF8}"
EndProject
Project("{FAE04EC0-301F-11D3-BF4B-00C04F79EFBC}") = "HttpServant", "HttpServant\HttpServant.csproj", "{598FADDF-584B-4AFC-8B42-3C4612504DA6}"
EndProject
Project("{FAE04EC0-301F-11D3-BF4B-00C04F79EFBC}") = "Achiral", "Linx\Achiral\Achiral\Achiral.csproj", "{4F6D4AD0-B8A5-48FE-8692-B86FCB91D4CB}"
EndProject
Project("{FAE04EC0-301F-11D3-BF4B-00C04F79EFBC}") = "MetaTweetClient", "MetaTweetClient\MetaTweetClient.csproj", "{1B775CF1-8646-4514-971E-C608DE6EC37C}"
EndProject
Project("{FAE04EC0-301F-11D3-BF4B-00C04F79EFBC}") = "SqlServerStorage", "SqlServerStorage\SqlServerStorage.csproj", "{81C9BECB-DC4A-4B10-AECB-0AD5B9FFC619}"
EndProject
Project("{FAE04EC0-301F-11D3-BF4B-00C04F79EFBC}") = "TwitterUserStreamsServant", "TwitterUserStreamsServant\TwitterUserStreamsServant.csproj", "{7EAAC002-AFB5-4BE8-8818-A1170ABC77A1}"
EndProject
Project("{FAE04EC0-301F-11D3-BF4B-00C04F79EFBC}") = "SstpServant", "SstpServant\SstpServant.csproj", "{E3111C0D-6B23-462D-991B-6BCC7852221D}"
EndProject
Global
	GlobalSection(SolutionConfigurationPlatforms) = preSolution
		Debug|Any CPU = Debug|Any CPU
		Debug|x64 = Debug|x64
		Debug|x86 = Debug|x86
		DebugNoSign|Any CPU = DebugNoSign|Any CPU
		DebugNoSign|x64 = DebugNoSign|x64
		DebugNoSign|x86 = DebugNoSign|x86
		Release|Any CPU = Release|Any CPU
		Release|x64 = Release|x64
		Release|x86 = Release|x86
		ReleaseNoSign|Any CPU = ReleaseNoSign|Any CPU
		ReleaseNoSign|x64 = ReleaseNoSign|x64
		ReleaseNoSign|x86 = ReleaseNoSign|x86
		Description = MetaTweet (Hub system for micro-blog communication services) Copyright © 2008-2010 Takeshi KIRIYA (aka takeshik) <takeshik@users.sf.net>, All rights reserved. Licensed under GNU LGPL version 3 or later.
	EndGlobalSection
	GlobalSection(ProjectConfigurationPlatforms) = postSolution
		{D82BEE65-B947-49A7-957D-4878BF0E4A07}.Debug|Any CPU.ActiveCfg = Debug|Any CPU
		{D82BEE65-B947-49A7-957D-4878BF0E4A07}.Debug|Any CPU.Build.0 = Debug|Any CPU
		{D82BEE65-B947-49A7-957D-4878BF0E4A07}.Debug|x64.ActiveCfg = Debug|Any CPU
		{D82BEE65-B947-49A7-957D-4878BF0E4A07}.Debug|x64.Build.0 = Debug|Any CPU
		{D82BEE65-B947-49A7-957D-4878BF0E4A07}.Debug|x86.ActiveCfg = Debug|Any CPU
		{D82BEE65-B947-49A7-957D-4878BF0E4A07}.Debug|x86.Build.0 = Debug|Any CPU
		{D82BEE65-B947-49A7-957D-4878BF0E4A07}.DebugNoSign|Any CPU.ActiveCfg = DebugNoSign|Any CPU
		{D82BEE65-B947-49A7-957D-4878BF0E4A07}.DebugNoSign|Any CPU.Build.0 = DebugNoSign|Any CPU
		{D82BEE65-B947-49A7-957D-4878BF0E4A07}.DebugNoSign|x64.ActiveCfg = DebugNoSign|Any CPU
		{D82BEE65-B947-49A7-957D-4878BF0E4A07}.DebugNoSign|x64.Build.0 = DebugNoSign|Any CPU
		{D82BEE65-B947-49A7-957D-4878BF0E4A07}.DebugNoSign|x86.ActiveCfg = DebugNoSign|Any CPU
		{D82BEE65-B947-49A7-957D-4878BF0E4A07}.DebugNoSign|x86.Build.0 = DebugNoSign|Any CPU
		{D82BEE65-B947-49A7-957D-4878BF0E4A07}.Release|Any CPU.ActiveCfg = Release|Any CPU
		{D82BEE65-B947-49A7-957D-4878BF0E4A07}.Release|Any CPU.Build.0 = Release|Any CPU
		{D82BEE65-B947-49A7-957D-4878BF0E4A07}.Release|x64.ActiveCfg = Release|Any CPU
		{D82BEE65-B947-49A7-957D-4878BF0E4A07}.Release|x64.Build.0 = Release|Any CPU
		{D82BEE65-B947-49A7-957D-4878BF0E4A07}.Release|x86.ActiveCfg = Release|Any CPU
		{D82BEE65-B947-49A7-957D-4878BF0E4A07}.Release|x86.Build.0 = Release|Any CPU
		{D82BEE65-B947-49A7-957D-4878BF0E4A07}.ReleaseNoSign|Any CPU.ActiveCfg = ReleaseNoSign|Any CPU
		{D82BEE65-B947-49A7-957D-4878BF0E4A07}.ReleaseNoSign|Any CPU.Build.0 = ReleaseNoSign|Any CPU
		{D82BEE65-B947-49A7-957D-4878BF0E4A07}.ReleaseNoSign|x64.ActiveCfg = ReleaseNoSign|Any CPU
		{D82BEE65-B947-49A7-957D-4878BF0E4A07}.ReleaseNoSign|x64.Build.0 = ReleaseNoSign|Any CPU
		{D82BEE65-B947-49A7-957D-4878BF0E4A07}.ReleaseNoSign|x86.ActiveCfg = ReleaseNoSign|Any CPU
		{D82BEE65-B947-49A7-957D-4878BF0E4A07}.ReleaseNoSign|x86.Build.0 = ReleaseNoSign|Any CPU
		{63E6CA8A-FB0B-48E0-97ED-1CD67C3D5EF6}.Debug|Any CPU.ActiveCfg = Debug|Any CPU
		{63E6CA8A-FB0B-48E0-97ED-1CD67C3D5EF6}.Debug|Any CPU.Build.0 = Debug|Any CPU
		{63E6CA8A-FB0B-48E0-97ED-1CD67C3D5EF6}.Debug|x64.ActiveCfg = Debug|x64
		{63E6CA8A-FB0B-48E0-97ED-1CD67C3D5EF6}.Debug|x64.Build.0 = Debug|x64
		{63E6CA8A-FB0B-48E0-97ED-1CD67C3D5EF6}.Debug|x86.ActiveCfg = Debug|x86
		{63E6CA8A-FB0B-48E0-97ED-1CD67C3D5EF6}.Debug|x86.Build.0 = Debug|x86
		{63E6CA8A-FB0B-48E0-97ED-1CD67C3D5EF6}.DebugNoSign|Any CPU.ActiveCfg = DebugNoSign|Any CPU
		{63E6CA8A-FB0B-48E0-97ED-1CD67C3D5EF6}.DebugNoSign|Any CPU.Build.0 = DebugNoSign|Any CPU
		{63E6CA8A-FB0B-48E0-97ED-1CD67C3D5EF6}.DebugNoSign|x64.ActiveCfg = DebugNoSign|x64
		{63E6CA8A-FB0B-48E0-97ED-1CD67C3D5EF6}.DebugNoSign|x64.Build.0 = DebugNoSign|x64
		{63E6CA8A-FB0B-48E0-97ED-1CD67C3D5EF6}.DebugNoSign|x86.ActiveCfg = DebugNoSign|x86
		{63E6CA8A-FB0B-48E0-97ED-1CD67C3D5EF6}.DebugNoSign|x86.Build.0 = DebugNoSign|x86
		{63E6CA8A-FB0B-48E0-97ED-1CD67C3D5EF6}.Release|Any CPU.ActiveCfg = Release|Any CPU
		{63E6CA8A-FB0B-48E0-97ED-1CD67C3D5EF6}.Release|Any CPU.Build.0 = Release|Any CPU
		{63E6CA8A-FB0B-48E0-97ED-1CD67C3D5EF6}.Release|x64.ActiveCfg = Release|x64
		{63E6CA8A-FB0B-48E0-97ED-1CD67C3D5EF6}.Release|x64.Build.0 = Release|x64
		{63E6CA8A-FB0B-48E0-97ED-1CD67C3D5EF6}.Release|x86.ActiveCfg = Release|x86
		{63E6CA8A-FB0B-48E0-97ED-1CD67C3D5EF6}.Release|x86.Build.0 = Release|x86
		{63E6CA8A-FB0B-48E0-97ED-1CD67C3D5EF6}.ReleaseNoSign|Any CPU.ActiveCfg = ReleaseNoSign|Any CPU
		{63E6CA8A-FB0B-48E0-97ED-1CD67C3D5EF6}.ReleaseNoSign|Any CPU.Build.0 = ReleaseNoSign|Any CPU
		{63E6CA8A-FB0B-48E0-97ED-1CD67C3D5EF6}.ReleaseNoSign|x64.ActiveCfg = ReleaseNoSign|x64
		{63E6CA8A-FB0B-48E0-97ED-1CD67C3D5EF6}.ReleaseNoSign|x64.Build.0 = ReleaseNoSign|x64
		{63E6CA8A-FB0B-48E0-97ED-1CD67C3D5EF6}.ReleaseNoSign|x86.ActiveCfg = ReleaseNoSign|x86
		{63E6CA8A-FB0B-48E0-97ED-1CD67C3D5EF6}.ReleaseNoSign|x86.Build.0 = ReleaseNoSign|x86
		{4CDC246D-0536-4B43-BBE8-128440BE8312}.Debug|Any CPU.ActiveCfg = Debug|Any CPU
		{4CDC246D-0536-4B43-BBE8-128440BE8312}.Debug|Any CPU.Build.0 = Debug|Any CPU
		{4CDC246D-0536-4B43-BBE8-128440BE8312}.Debug|x64.ActiveCfg = Debug|Any CPU
		{4CDC246D-0536-4B43-BBE8-128440BE8312}.Debug|x64.Build.0 = Debug|Any CPU
		{4CDC246D-0536-4B43-BBE8-128440BE8312}.Debug|x86.ActiveCfg = Debug|Any CPU
		{4CDC246D-0536-4B43-BBE8-128440BE8312}.Debug|x86.Build.0 = Debug|Any CPU
		{4CDC246D-0536-4B43-BBE8-128440BE8312}.DebugNoSign|Any CPU.ActiveCfg = DebugNoSign|Any CPU
		{4CDC246D-0536-4B43-BBE8-128440BE8312}.DebugNoSign|Any CPU.Build.0 = DebugNoSign|Any CPU
		{4CDC246D-0536-4B43-BBE8-128440BE8312}.DebugNoSign|x64.ActiveCfg = DebugNoSign|Any CPU
		{4CDC246D-0536-4B43-BBE8-128440BE8312}.DebugNoSign|x64.Build.0 = DebugNoSign|Any CPU
		{4CDC246D-0536-4B43-BBE8-128440BE8312}.DebugNoSign|x86.ActiveCfg = DebugNoSign|Any CPU
		{4CDC246D-0536-4B43-BBE8-128440BE8312}.DebugNoSign|x86.Build.0 = DebugNoSign|Any CPU
		{4CDC246D-0536-4B43-BBE8-128440BE8312}.Release|Any CPU.ActiveCfg = Release|Any CPU
		{4CDC246D-0536-4B43-BBE8-128440BE8312}.Release|Any CPU.Build.0 = Release|Any CPU
		{4CDC246D-0536-4B43-BBE8-128440BE8312}.Release|x64.ActiveCfg = Release|Any CPU
		{4CDC246D-0536-4B43-BBE8-128440BE8312}.Release|x64.Build.0 = Release|Any CPU
		{4CDC246D-0536-4B43-BBE8-128440BE8312}.Release|x86.ActiveCfg = Release|Any CPU
		{4CDC246D-0536-4B43-BBE8-128440BE8312}.Release|x86.Build.0 = Release|Any CPU
		{4CDC246D-0536-4B43-BBE8-128440BE8312}.ReleaseNoSign|Any CPU.ActiveCfg = ReleaseNoSign|Any CPU
		{4CDC246D-0536-4B43-BBE8-128440BE8312}.ReleaseNoSign|Any CPU.Build.0 = ReleaseNoSign|Any CPU
		{4CDC246D-0536-4B43-BBE8-128440BE8312}.ReleaseNoSign|x64.ActiveCfg = ReleaseNoSign|Any CPU
		{4CDC246D-0536-4B43-BBE8-128440BE8312}.ReleaseNoSign|x64.Build.0 = ReleaseNoSign|Any CPU
		{4CDC246D-0536-4B43-BBE8-128440BE8312}.ReleaseNoSign|x86.ActiveCfg = ReleaseNoSign|Any CPU
		{4CDC246D-0536-4B43-BBE8-128440BE8312}.ReleaseNoSign|x86.Build.0 = ReleaseNoSign|Any CPU
		{CD0E1F73-A835-422F-839F-05D9ED07DD2C}.Debug|Any CPU.ActiveCfg = Debug|Any CPU
		{CD0E1F73-A835-422F-839F-05D9ED07DD2C}.Debug|Any CPU.Build.0 = Debug|Any CPU
		{CD0E1F73-A835-422F-839F-05D9ED07DD2C}.Debug|x64.ActiveCfg = Debug|Any CPU
		{CD0E1F73-A835-422F-839F-05D9ED07DD2C}.Debug|x64.Build.0 = Debug|Any CPU
		{CD0E1F73-A835-422F-839F-05D9ED07DD2C}.Debug|x86.ActiveCfg = Debug|Any CPU
		{CD0E1F73-A835-422F-839F-05D9ED07DD2C}.Debug|x86.Build.0 = Debug|Any CPU
		{CD0E1F73-A835-422F-839F-05D9ED07DD2C}.DebugNoSign|Any CPU.ActiveCfg = DebugNoSign|Any CPU
		{CD0E1F73-A835-422F-839F-05D9ED07DD2C}.DebugNoSign|Any CPU.Build.0 = DebugNoSign|Any CPU
		{CD0E1F73-A835-422F-839F-05D9ED07DD2C}.DebugNoSign|x64.ActiveCfg = DebugNoSign|Any CPU
		{CD0E1F73-A835-422F-839F-05D9ED07DD2C}.DebugNoSign|x64.Build.0 = DebugNoSign|Any CPU
		{CD0E1F73-A835-422F-839F-05D9ED07DD2C}.DebugNoSign|x86.ActiveCfg = DebugNoSign|Any CPU
		{CD0E1F73-A835-422F-839F-05D9ED07DD2C}.DebugNoSign|x86.Build.0 = DebugNoSign|Any CPU
		{CD0E1F73-A835-422F-839F-05D9ED07DD2C}.Release|Any CPU.ActiveCfg = Release|Any CPU
		{CD0E1F73-A835-422F-839F-05D9ED07DD2C}.Release|Any CPU.Build.0 = Release|Any CPU
		{CD0E1F73-A835-422F-839F-05D9ED07DD2C}.Release|x64.ActiveCfg = Release|Any CPU
		{CD0E1F73-A835-422F-839F-05D9ED07DD2C}.Release|x64.Build.0 = Release|Any CPU
		{CD0E1F73-A835-422F-839F-05D9ED07DD2C}.Release|x86.ActiveCfg = Release|Any CPU
		{CD0E1F73-A835-422F-839F-05D9ED07DD2C}.Release|x86.Build.0 = Release|Any CPU
		{CD0E1F73-A835-422F-839F-05D9ED07DD2C}.ReleaseNoSign|Any CPU.ActiveCfg = ReleaseNoSign|Any CPU
		{CD0E1F73-A835-422F-839F-05D9ED07DD2C}.ReleaseNoSign|Any CPU.Build.0 = ReleaseNoSign|Any CPU
		{CD0E1F73-A835-422F-839F-05D9ED07DD2C}.ReleaseNoSign|x64.ActiveCfg = ReleaseNoSign|Any CPU
		{CD0E1F73-A835-422F-839F-05D9ED07DD2C}.ReleaseNoSign|x64.Build.0 = ReleaseNoSign|Any CPU
		{CD0E1F73-A835-422F-839F-05D9ED07DD2C}.ReleaseNoSign|x86.ActiveCfg = ReleaseNoSign|Any CPU
		{CD0E1F73-A835-422F-839F-05D9ED07DD2C}.ReleaseNoSign|x86.Build.0 = ReleaseNoSign|Any CPU
		{EE85A328-CCB1-4EDC-9574-567B4930CBF5}.Debug|Any CPU.ActiveCfg = Debug|Any CPU
		{EE85A328-CCB1-4EDC-9574-567B4930CBF5}.Debug|Any CPU.Build.0 = Debug|Any CPU
		{EE85A328-CCB1-4EDC-9574-567B4930CBF5}.Debug|x64.ActiveCfg = Debug|Any CPU
		{EE85A328-CCB1-4EDC-9574-567B4930CBF5}.Debug|x64.Build.0 = Debug|Any CPU
		{EE85A328-CCB1-4EDC-9574-567B4930CBF5}.Debug|x86.ActiveCfg = Debug|Any CPU
		{EE85A328-CCB1-4EDC-9574-567B4930CBF5}.Debug|x86.Build.0 = Debug|Any CPU
		{EE85A328-CCB1-4EDC-9574-567B4930CBF5}.DebugNoSign|Any CPU.ActiveCfg = DebugNoSign|Any CPU
		{EE85A328-CCB1-4EDC-9574-567B4930CBF5}.DebugNoSign|Any CPU.Build.0 = DebugNoSign|Any CPU
		{EE85A328-CCB1-4EDC-9574-567B4930CBF5}.DebugNoSign|x64.ActiveCfg = DebugNoSign|Any CPU
		{EE85A328-CCB1-4EDC-9574-567B4930CBF5}.DebugNoSign|x64.Build.0 = DebugNoSign|Any CPU
		{EE85A328-CCB1-4EDC-9574-567B4930CBF5}.DebugNoSign|x86.ActiveCfg = DebugNoSign|Any CPU
		{EE85A328-CCB1-4EDC-9574-567B4930CBF5}.DebugNoSign|x86.Build.0 = DebugNoSign|Any CPU
		{EE85A328-CCB1-4EDC-9574-567B4930CBF5}.Release|Any CPU.ActiveCfg = Release|Any CPU
		{EE85A328-CCB1-4EDC-9574-567B4930CBF5}.Release|Any CPU.Build.0 = Release|Any CPU
		{EE85A328-CCB1-4EDC-9574-567B4930CBF5}.Release|x64.ActiveCfg = Release|Any CPU
		{EE85A328-CCB1-4EDC-9574-567B4930CBF5}.Release|x64.Build.0 = Release|Any CPU
		{EE85A328-CCB1-4EDC-9574-567B4930CBF5}.Release|x86.ActiveCfg = Release|Any CPU
		{EE85A328-CCB1-4EDC-9574-567B4930CBF5}.Release|x86.Build.0 = Release|Any CPU
		{EE85A328-CCB1-4EDC-9574-567B4930CBF5}.ReleaseNoSign|Any CPU.ActiveCfg = ReleaseNoSign|Any CPU
		{EE85A328-CCB1-4EDC-9574-567B4930CBF5}.ReleaseNoSign|Any CPU.Build.0 = ReleaseNoSign|Any CPU
		{EE85A328-CCB1-4EDC-9574-567B4930CBF5}.ReleaseNoSign|x64.ActiveCfg = ReleaseNoSign|Any CPU
		{EE85A328-CCB1-4EDC-9574-567B4930CBF5}.ReleaseNoSign|x64.Build.0 = ReleaseNoSign|Any CPU
		{EE85A328-CCB1-4EDC-9574-567B4930CBF5}.ReleaseNoSign|x86.ActiveCfg = ReleaseNoSign|Any CPU
		{EE85A328-CCB1-4EDC-9574-567B4930CBF5}.ReleaseNoSign|x86.Build.0 = ReleaseNoSign|Any CPU
		{FA2D5279-57E7-4268-8033-5B9916674783}.Debug|Any CPU.ActiveCfg = Debug|Any CPU
		{FA2D5279-57E7-4268-8033-5B9916674783}.Debug|Any CPU.Build.0 = Debug|Any CPU
		{FA2D5279-57E7-4268-8033-5B9916674783}.Debug|x64.ActiveCfg = Debug|Any CPU
		{FA2D5279-57E7-4268-8033-5B9916674783}.Debug|x64.Build.0 = Debug|Any CPU
		{FA2D5279-57E7-4268-8033-5B9916674783}.Debug|x86.ActiveCfg = Debug|Any CPU
		{FA2D5279-57E7-4268-8033-5B9916674783}.Debug|x86.Build.0 = Debug|Any CPU
		{FA2D5279-57E7-4268-8033-5B9916674783}.DebugNoSign|Any CPU.ActiveCfg = DebugNoSign|Any CPU
		{FA2D5279-57E7-4268-8033-5B9916674783}.DebugNoSign|Any CPU.Build.0 = DebugNoSign|Any CPU
		{FA2D5279-57E7-4268-8033-5B9916674783}.DebugNoSign|x64.ActiveCfg = DebugNoSign|Any CPU
		{FA2D5279-57E7-4268-8033-5B9916674783}.DebugNoSign|x64.Build.0 = DebugNoSign|Any CPU
		{FA2D5279-57E7-4268-8033-5B9916674783}.DebugNoSign|x86.ActiveCfg = DebugNoSign|Any CPU
		{FA2D5279-57E7-4268-8033-5B9916674783}.DebugNoSign|x86.Build.0 = DebugNoSign|Any CPU
		{FA2D5279-57E7-4268-8033-5B9916674783}.Release|Any CPU.ActiveCfg = Release|Any CPU
		{FA2D5279-57E7-4268-8033-5B9916674783}.Release|Any CPU.Build.0 = Release|Any CPU
		{FA2D5279-57E7-4268-8033-5B9916674783}.Release|x64.ActiveCfg = Release|Any CPU
		{FA2D5279-57E7-4268-8033-5B9916674783}.Release|x64.Build.0 = Release|Any CPU
		{FA2D5279-57E7-4268-8033-5B9916674783}.Release|x86.ActiveCfg = Release|Any CPU
		{FA2D5279-57E7-4268-8033-5B9916674783}.Release|x86.Build.0 = Release|Any CPU
		{FA2D5279-57E7-4268-8033-5B9916674783}.ReleaseNoSign|Any CPU.ActiveCfg = ReleaseNoSign|Any CPU
		{FA2D5279-57E7-4268-8033-5B9916674783}.ReleaseNoSign|Any CPU.Build.0 = ReleaseNoSign|Any CPU
		{FA2D5279-57E7-4268-8033-5B9916674783}.ReleaseNoSign|x64.ActiveCfg = ReleaseNoSign|Any CPU
		{FA2D5279-57E7-4268-8033-5B9916674783}.ReleaseNoSign|x64.Build.0 = ReleaseNoSign|Any CPU
		{FA2D5279-57E7-4268-8033-5B9916674783}.ReleaseNoSign|x86.ActiveCfg = ReleaseNoSign|Any CPU
		{FA2D5279-57E7-4268-8033-5B9916674783}.ReleaseNoSign|x86.Build.0 = ReleaseNoSign|Any CPU
		{1E1B5101-A226-4E86-B01D-8E7A0B39F953}.Debug|Any CPU.ActiveCfg = Debug|Any CPU
		{1E1B5101-A226-4E86-B01D-8E7A0B39F953}.Debug|Any CPU.Build.0 = Debug|Any CPU
		{1E1B5101-A226-4E86-B01D-8E7A0B39F953}.Debug|x64.ActiveCfg = Debug|Any CPU
		{1E1B5101-A226-4E86-B01D-8E7A0B39F953}.Debug|x64.Build.0 = Debug|Any CPU
		{1E1B5101-A226-4E86-B01D-8E7A0B39F953}.Debug|x86.ActiveCfg = Debug|Any CPU
		{1E1B5101-A226-4E86-B01D-8E7A0B39F953}.Debug|x86.Build.0 = Debug|Any CPU
		{1E1B5101-A226-4E86-B01D-8E7A0B39F953}.DebugNoSign|Any CPU.ActiveCfg = DebugNoSign|Any CPU
		{1E1B5101-A226-4E86-B01D-8E7A0B39F953}.DebugNoSign|Any CPU.Build.0 = DebugNoSign|Any CPU
		{1E1B5101-A226-4E86-B01D-8E7A0B39F953}.DebugNoSign|x64.ActiveCfg = DebugNoSign|Any CPU
		{1E1B5101-A226-4E86-B01D-8E7A0B39F953}.DebugNoSign|x64.Build.0 = DebugNoSign|Any CPU
		{1E1B5101-A226-4E86-B01D-8E7A0B39F953}.DebugNoSign|x86.ActiveCfg = DebugNoSign|Any CPU
		{1E1B5101-A226-4E86-B01D-8E7A0B39F953}.DebugNoSign|x86.Build.0 = DebugNoSign|Any CPU
		{1E1B5101-A226-4E86-B01D-8E7A0B39F953}.Release|Any CPU.ActiveCfg = Release|Any CPU
		{1E1B5101-A226-4E86-B01D-8E7A0B39F953}.Release|Any CPU.Build.0 = Release|Any CPU
		{1E1B5101-A226-4E86-B01D-8E7A0B39F953}.Release|x64.ActiveCfg = Release|Any CPU
		{1E1B5101-A226-4E86-B01D-8E7A0B39F953}.Release|x64.Build.0 = Release|Any CPU
		{1E1B5101-A226-4E86-B01D-8E7A0B39F953}.Release|x86.ActiveCfg = Release|Any CPU
		{1E1B5101-A226-4E86-B01D-8E7A0B39F953}.Release|x86.Build.0 = Release|Any CPU
		{1E1B5101-A226-4E86-B01D-8E7A0B39F953}.ReleaseNoSign|Any CPU.ActiveCfg = ReleaseNoSign|Any CPU
		{1E1B5101-A226-4E86-B01D-8E7A0B39F953}.ReleaseNoSign|Any CPU.Build.0 = ReleaseNoSign|Any CPU
		{1E1B5101-A226-4E86-B01D-8E7A0B39F953}.ReleaseNoSign|x64.ActiveCfg = ReleaseNoSign|Any CPU
		{1E1B5101-A226-4E86-B01D-8E7A0B39F953}.ReleaseNoSign|x64.Build.0 = ReleaseNoSign|Any CPU
		{1E1B5101-A226-4E86-B01D-8E7A0B39F953}.ReleaseNoSign|x86.ActiveCfg = ReleaseNoSign|Any CPU
		{1E1B5101-A226-4E86-B01D-8E7A0B39F953}.ReleaseNoSign|x86.Build.0 = ReleaseNoSign|Any CPU
		{A5B9ECB6-4080-4DC8-BCB5-4C84972E8466}.Debug|Any CPU.ActiveCfg = Debug|Any CPU
		{A5B9ECB6-4080-4DC8-BCB5-4C84972E8466}.Debug|Any CPU.Build.0 = Debug|Any CPU
		{A5B9ECB6-4080-4DC8-BCB5-4C84972E8466}.Debug|x64.ActiveCfg = Debug|Any CPU
		{A5B9ECB6-4080-4DC8-BCB5-4C84972E8466}.Debug|x64.Build.0 = Debug|Any CPU
		{A5B9ECB6-4080-4DC8-BCB5-4C84972E8466}.Debug|x86.ActiveCfg = Debug|Any CPU
		{A5B9ECB6-4080-4DC8-BCB5-4C84972E8466}.Debug|x86.Build.0 = Debug|Any CPU
		{A5B9ECB6-4080-4DC8-BCB5-4C84972E8466}.DebugNoSign|Any CPU.ActiveCfg = DebugNoSign|Any CPU
		{A5B9ECB6-4080-4DC8-BCB5-4C84972E8466}.DebugNoSign|Any CPU.Build.0 = DebugNoSign|Any CPU
		{A5B9ECB6-4080-4DC8-BCB5-4C84972E8466}.DebugNoSign|x64.ActiveCfg = DebugNoSign|Any CPU
		{A5B9ECB6-4080-4DC8-BCB5-4C84972E8466}.DebugNoSign|x64.Build.0 = DebugNoSign|Any CPU
		{A5B9ECB6-4080-4DC8-BCB5-4C84972E8466}.DebugNoSign|x86.ActiveCfg = DebugNoSign|Any CPU
		{A5B9ECB6-4080-4DC8-BCB5-4C84972E8466}.DebugNoSign|x86.Build.0 = DebugNoSign|Any CPU
		{A5B9ECB6-4080-4DC8-BCB5-4C84972E8466}.Release|Any CPU.ActiveCfg = Release|Any CPU
		{A5B9ECB6-4080-4DC8-BCB5-4C84972E8466}.Release|Any CPU.Build.0 = Release|Any CPU
		{A5B9ECB6-4080-4DC8-BCB5-4C84972E8466}.Release|x64.ActiveCfg = Release|Any CPU
		{A5B9ECB6-4080-4DC8-BCB5-4C84972E8466}.Release|x64.Build.0 = Release|Any CPU
		{A5B9ECB6-4080-4DC8-BCB5-4C84972E8466}.Release|x86.ActiveCfg = Release|Any CPU
		{A5B9ECB6-4080-4DC8-BCB5-4C84972E8466}.Release|x86.Build.0 = Release|Any CPU
		{A5B9ECB6-4080-4DC8-BCB5-4C84972E8466}.ReleaseNoSign|Any CPU.ActiveCfg = ReleaseNoSign|Any CPU
		{A5B9ECB6-4080-4DC8-BCB5-4C84972E8466}.ReleaseNoSign|Any CPU.Build.0 = ReleaseNoSign|Any CPU
		{A5B9ECB6-4080-4DC8-BCB5-4C84972E8466}.ReleaseNoSign|x64.ActiveCfg = ReleaseNoSign|Any CPU
		{A5B9ECB6-4080-4DC8-BCB5-4C84972E8466}.ReleaseNoSign|x64.Build.0 = ReleaseNoSign|Any CPU
		{A5B9ECB6-4080-4DC8-BCB5-4C84972E8466}.ReleaseNoSign|x86.ActiveCfg = ReleaseNoSign|Any CPU
		{A5B9ECB6-4080-4DC8-BCB5-4C84972E8466}.ReleaseNoSign|x86.Build.0 = ReleaseNoSign|Any CPU
		{5C2655D7-5A07-4C18-8E29-0B676CA20AF3}.Debug|Any CPU.ActiveCfg = Debug|Any CPU
		{5C2655D7-5A07-4C18-8E29-0B676CA20AF3}.Debug|Any CPU.Build.0 = Debug|Any CPU
		{5C2655D7-5A07-4C18-8E29-0B676CA20AF3}.Debug|x64.ActiveCfg = Debug|Any CPU
		{5C2655D7-5A07-4C18-8E29-0B676CA20AF3}.Debug|x64.Build.0 = Debug|Any CPU
		{5C2655D7-5A07-4C18-8E29-0B676CA20AF3}.Debug|x86.ActiveCfg = Debug|Any CPU
		{5C2655D7-5A07-4C18-8E29-0B676CA20AF3}.Debug|x86.Build.0 = Debug|Any CPU
		{5C2655D7-5A07-4C18-8E29-0B676CA20AF3}.DebugNoSign|Any CPU.ActiveCfg = DebugNoSign|Any CPU
		{5C2655D7-5A07-4C18-8E29-0B676CA20AF3}.DebugNoSign|Any CPU.Build.0 = DebugNoSign|Any CPU
		{5C2655D7-5A07-4C18-8E29-0B676CA20AF3}.DebugNoSign|x64.ActiveCfg = DebugNoSign|Any CPU
		{5C2655D7-5A07-4C18-8E29-0B676CA20AF3}.DebugNoSign|x64.Build.0 = DebugNoSign|Any CPU
		{5C2655D7-5A07-4C18-8E29-0B676CA20AF3}.DebugNoSign|x86.ActiveCfg = DebugNoSign|Any CPU
		{5C2655D7-5A07-4C18-8E29-0B676CA20AF3}.DebugNoSign|x86.Build.0 = DebugNoSign|Any CPU
		{5C2655D7-5A07-4C18-8E29-0B676CA20AF3}.Release|Any CPU.ActiveCfg = Release|Any CPU
		{5C2655D7-5A07-4C18-8E29-0B676CA20AF3}.Release|Any CPU.Build.0 = Release|Any CPU
		{5C2655D7-5A07-4C18-8E29-0B676CA20AF3}.Release|x64.ActiveCfg = Release|Any CPU
		{5C2655D7-5A07-4C18-8E29-0B676CA20AF3}.Release|x64.Build.0 = Release|Any CPU
		{5C2655D7-5A07-4C18-8E29-0B676CA20AF3}.Release|x86.ActiveCfg = Release|Any CPU
		{5C2655D7-5A07-4C18-8E29-0B676CA20AF3}.Release|x86.Build.0 = Release|Any CPU
		{5C2655D7-5A07-4C18-8E29-0B676CA20AF3}.ReleaseNoSign|Any CPU.ActiveCfg = ReleaseNoSign|Any CPU
		{5C2655D7-5A07-4C18-8E29-0B676CA20AF3}.ReleaseNoSign|Any CPU.Build.0 = ReleaseNoSign|Any CPU
		{5C2655D7-5A07-4C18-8E29-0B676CA20AF3}.ReleaseNoSign|x64.ActiveCfg = ReleaseNoSign|Any CPU
		{5C2655D7-5A07-4C18-8E29-0B676CA20AF3}.ReleaseNoSign|x64.Build.0 = ReleaseNoSign|Any CPU
		{5C2655D7-5A07-4C18-8E29-0B676CA20AF3}.ReleaseNoSign|x86.ActiveCfg = ReleaseNoSign|Any CPU
		{5C2655D7-5A07-4C18-8E29-0B676CA20AF3}.ReleaseNoSign|x86.Build.0 = ReleaseNoSign|Any CPU
		{69CBA2E1-8DF4-4483-A54C-FCD1578DCA78}.Debug|Any CPU.ActiveCfg = Debug|Any CPU
		{69CBA2E1-8DF4-4483-A54C-FCD1578DCA78}.Debug|Any CPU.Build.0 = Debug|Any CPU
		{69CBA2E1-8DF4-4483-A54C-FCD1578DCA78}.Debug|x64.ActiveCfg = Debug|x64
		{69CBA2E1-8DF4-4483-A54C-FCD1578DCA78}.Debug|x64.Build.0 = Debug|x64
		{69CBA2E1-8DF4-4483-A54C-FCD1578DCA78}.Debug|x86.ActiveCfg = Debug|x86
		{69CBA2E1-8DF4-4483-A54C-FCD1578DCA78}.Debug|x86.Build.0 = Debug|x86
		{69CBA2E1-8DF4-4483-A54C-FCD1578DCA78}.DebugNoSign|Any CPU.ActiveCfg = DebugNoSign|Any CPU
		{69CBA2E1-8DF4-4483-A54C-FCD1578DCA78}.DebugNoSign|Any CPU.Build.0 = DebugNoSign|Any CPU
		{69CBA2E1-8DF4-4483-A54C-FCD1578DCA78}.DebugNoSign|x64.ActiveCfg = DebugNoSign|x64
		{69CBA2E1-8DF4-4483-A54C-FCD1578DCA78}.DebugNoSign|x64.Build.0 = DebugNoSign|x64
		{69CBA2E1-8DF4-4483-A54C-FCD1578DCA78}.DebugNoSign|x86.ActiveCfg = DebugNoSign|x86
		{69CBA2E1-8DF4-4483-A54C-FCD1578DCA78}.DebugNoSign|x86.Build.0 = DebugNoSign|x86
		{69CBA2E1-8DF4-4483-A54C-FCD1578DCA78}.Release|Any CPU.ActiveCfg = Release|Any CPU
		{69CBA2E1-8DF4-4483-A54C-FCD1578DCA78}.Release|Any CPU.Build.0 = Release|Any CPU
		{69CBA2E1-8DF4-4483-A54C-FCD1578DCA78}.Release|x64.ActiveCfg = Release|x64
		{69CBA2E1-8DF4-4483-A54C-FCD1578DCA78}.Release|x64.Build.0 = Release|x64
		{69CBA2E1-8DF4-4483-A54C-FCD1578DCA78}.Release|x86.ActiveCfg = Release|x86
		{69CBA2E1-8DF4-4483-A54C-FCD1578DCA78}.Release|x86.Build.0 = Release|x86
		{69CBA2E1-8DF4-4483-A54C-FCD1578DCA78}.ReleaseNoSign|Any CPU.ActiveCfg = ReleaseNoSign|Any CPU
		{69CBA2E1-8DF4-4483-A54C-FCD1578DCA78}.ReleaseNoSign|Any CPU.Build.0 = ReleaseNoSign|Any CPU
		{69CBA2E1-8DF4-4483-A54C-FCD1578DCA78}.ReleaseNoSign|x64.ActiveCfg = ReleaseNoSign|x64
		{69CBA2E1-8DF4-4483-A54C-FCD1578DCA78}.ReleaseNoSign|x64.Build.0 = ReleaseNoSign|x64
		{69CBA2E1-8DF4-4483-A54C-FCD1578DCA78}.ReleaseNoSign|x86.ActiveCfg = ReleaseNoSign|x86
		{69CBA2E1-8DF4-4483-A54C-FCD1578DCA78}.ReleaseNoSign|x86.Build.0 = ReleaseNoSign|x86
		{CECE0DEF-E568-42C1-81CF-9BD5F532A76D}.Debug|Any CPU.ActiveCfg = Debug|Any CPU
		{CECE0DEF-E568-42C1-81CF-9BD5F532A76D}.Debug|Any CPU.Build.0 = Debug|Any CPU
		{CECE0DEF-E568-42C1-81CF-9BD5F532A76D}.Debug|x64.ActiveCfg = Debug|Any CPU
		{CECE0DEF-E568-42C1-81CF-9BD5F532A76D}.Debug|x64.Build.0 = Debug|Any CPU
		{CECE0DEF-E568-42C1-81CF-9BD5F532A76D}.Debug|x86.ActiveCfg = Debug|Any CPU
		{CECE0DEF-E568-42C1-81CF-9BD5F532A76D}.Debug|x86.Build.0 = Debug|Any CPU
		{CECE0DEF-E568-42C1-81CF-9BD5F532A76D}.DebugNoSign|Any CPU.ActiveCfg = DebugNoSign|Any CPU
		{CECE0DEF-E568-42C1-81CF-9BD5F532A76D}.DebugNoSign|Any CPU.Build.0 = DebugNoSign|Any CPU
		{CECE0DEF-E568-42C1-81CF-9BD5F532A76D}.DebugNoSign|x64.ActiveCfg = DebugNoSign|Any CPU
		{CECE0DEF-E568-42C1-81CF-9BD5F532A76D}.DebugNoSign|x64.Build.0 = DebugNoSign|Any CPU
		{CECE0DEF-E568-42C1-81CF-9BD5F532A76D}.DebugNoSign|x86.ActiveCfg = DebugNoSign|Any CPU
		{CECE0DEF-E568-42C1-81CF-9BD5F532A76D}.DebugNoSign|x86.Build.0 = DebugNoSign|Any CPU
		{CECE0DEF-E568-42C1-81CF-9BD5F532A76D}.Release|Any CPU.ActiveCfg = Release|Any CPU
		{CECE0DEF-E568-42C1-81CF-9BD5F532A76D}.Release|Any CPU.Build.0 = Release|Any CPU
		{CECE0DEF-E568-42C1-81CF-9BD5F532A76D}.Release|x64.ActiveCfg = Release|Any CPU
		{CECE0DEF-E568-42C1-81CF-9BD5F532A76D}.Release|x64.Build.0 = Release|Any CPU
		{CECE0DEF-E568-42C1-81CF-9BD5F532A76D}.Release|x86.ActiveCfg = Release|Any CPU
		{CECE0DEF-E568-42C1-81CF-9BD5F532A76D}.Release|x86.Build.0 = Release|Any CPU
		{CECE0DEF-E568-42C1-81CF-9BD5F532A76D}.ReleaseNoSign|Any CPU.ActiveCfg = ReleaseNoSign|Any CPU
		{CECE0DEF-E568-42C1-81CF-9BD5F532A76D}.ReleaseNoSign|Any CPU.Build.0 = ReleaseNoSign|Any CPU
		{CECE0DEF-E568-42C1-81CF-9BD5F532A76D}.ReleaseNoSign|x64.ActiveCfg = ReleaseNoSign|Any CPU
		{CECE0DEF-E568-42C1-81CF-9BD5F532A76D}.ReleaseNoSign|x64.Build.0 = ReleaseNoSign|Any CPU
		{CECE0DEF-E568-42C1-81CF-9BD5F532A76D}.ReleaseNoSign|x86.ActiveCfg = ReleaseNoSign|Any CPU
		{CECE0DEF-E568-42C1-81CF-9BD5F532A76D}.ReleaseNoSign|x86.Build.0 = ReleaseNoSign|Any CPU
		{01A70074-BAA2-4A1F-BFDC-F99FC408BDEB}.Debug|Any CPU.ActiveCfg = Debug|Any CPU
		{01A70074-BAA2-4A1F-BFDC-F99FC408BDEB}.Debug|Any CPU.Build.0 = Debug|Any CPU
		{01A70074-BAA2-4A1F-BFDC-F99FC408BDEB}.Debug|x64.ActiveCfg = Debug|Any CPU
		{01A70074-BAA2-4A1F-BFDC-F99FC408BDEB}.Debug|x64.Build.0 = Debug|Any CPU
		{01A70074-BAA2-4A1F-BFDC-F99FC408BDEB}.Debug|x86.ActiveCfg = Debug|Any CPU
		{01A70074-BAA2-4A1F-BFDC-F99FC408BDEB}.Debug|x86.Build.0 = Debug|Any CPU
		{01A70074-BAA2-4A1F-BFDC-F99FC408BDEB}.DebugNoSign|Any CPU.ActiveCfg = DebugNoSign|Any CPU
		{01A70074-BAA2-4A1F-BFDC-F99FC408BDEB}.DebugNoSign|Any CPU.Build.0 = DebugNoSign|Any CPU
		{01A70074-BAA2-4A1F-BFDC-F99FC408BDEB}.DebugNoSign|x64.ActiveCfg = DebugNoSign|Any CPU
		{01A70074-BAA2-4A1F-BFDC-F99FC408BDEB}.DebugNoSign|x64.Build.0 = DebugNoSign|Any CPU
		{01A70074-BAA2-4A1F-BFDC-F99FC408BDEB}.DebugNoSign|x86.ActiveCfg = DebugNoSign|Any CPU
		{01A70074-BAA2-4A1F-BFDC-F99FC408BDEB}.DebugNoSign|x86.Build.0 = DebugNoSign|Any CPU
		{01A70074-BAA2-4A1F-BFDC-F99FC408BDEB}.Release|Any CPU.ActiveCfg = Release|Any CPU
		{01A70074-BAA2-4A1F-BFDC-F99FC408BDEB}.Release|Any CPU.Build.0 = Release|Any CPU
		{01A70074-BAA2-4A1F-BFDC-F99FC408BDEB}.Release|x64.ActiveCfg = Release|Any CPU
		{01A70074-BAA2-4A1F-BFDC-F99FC408BDEB}.Release|x64.Build.0 = Release|Any CPU
		{01A70074-BAA2-4A1F-BFDC-F99FC408BDEB}.Release|x86.ActiveCfg = Release|Any CPU
		{01A70074-BAA2-4A1F-BFDC-F99FC408BDEB}.Release|x86.Build.0 = Release|Any CPU
		{01A70074-BAA2-4A1F-BFDC-F99FC408BDEB}.ReleaseNoSign|Any CPU.ActiveCfg = ReleaseNoSign|Any CPU
		{01A70074-BAA2-4A1F-BFDC-F99FC408BDEB}.ReleaseNoSign|Any CPU.Build.0 = ReleaseNoSign|Any CPU
		{01A70074-BAA2-4A1F-BFDC-F99FC408BDEB}.ReleaseNoSign|x64.ActiveCfg = ReleaseNoSign|Any CPU
		{01A70074-BAA2-4A1F-BFDC-F99FC408BDEB}.ReleaseNoSign|x64.Build.0 = ReleaseNoSign|Any CPU
		{01A70074-BAA2-4A1F-BFDC-F99FC408BDEB}.ReleaseNoSign|x86.ActiveCfg = ReleaseNoSign|Any CPU
		{01A70074-BAA2-4A1F-BFDC-F99FC408BDEB}.ReleaseNoSign|x86.Build.0 = ReleaseNoSign|Any CPU
		{8621B2BF-EBFB-4FAE-916F-A9137532DDF8}.Debug|Any CPU.ActiveCfg = Debug|Any CPU
		{8621B2BF-EBFB-4FAE-916F-A9137532DDF8}.Debug|Any CPU.Build.0 = Debug|Any CPU
		{8621B2BF-EBFB-4FAE-916F-A9137532DDF8}.Debug|x64.ActiveCfg = Debug|Any CPU
		{8621B2BF-EBFB-4FAE-916F-A9137532DDF8}.Debug|x64.Build.0 = Debug|Any CPU
		{8621B2BF-EBFB-4FAE-916F-A9137532DDF8}.Debug|x86.ActiveCfg = Debug|Any CPU
		{8621B2BF-EBFB-4FAE-916F-A9137532DDF8}.Debug|x86.Build.0 = Debug|Any CPU
		{8621B2BF-EBFB-4FAE-916F-A9137532DDF8}.DebugNoSign|Any CPU.ActiveCfg = DebugNoSign|Any CPU
		{8621B2BF-EBFB-4FAE-916F-A9137532DDF8}.DebugNoSign|Any CPU.Build.0 = DebugNoSign|Any CPU
		{8621B2BF-EBFB-4FAE-916F-A9137532DDF8}.DebugNoSign|x64.ActiveCfg = DebugNoSign|Any CPU
		{8621B2BF-EBFB-4FAE-916F-A9137532DDF8}.DebugNoSign|x64.Build.0 = DebugNoSign|Any CPU
		{8621B2BF-EBFB-4FAE-916F-A9137532DDF8}.DebugNoSign|x86.ActiveCfg = DebugNoSign|Any CPU
		{8621B2BF-EBFB-4FAE-916F-A9137532DDF8}.DebugNoSign|x86.Build.0 = DebugNoSign|Any CPU
		{8621B2BF-EBFB-4FAE-916F-A9137532DDF8}.Release|Any CPU.ActiveCfg = Release|Any CPU
		{8621B2BF-EBFB-4FAE-916F-A9137532DDF8}.Release|Any CPU.Build.0 = Release|Any CPU
		{8621B2BF-EBFB-4FAE-916F-A9137532DDF8}.Release|x64.ActiveCfg = Release|Any CPU
		{8621B2BF-EBFB-4FAE-916F-A9137532DDF8}.Release|x64.Build.0 = Release|Any CPU
		{8621B2BF-EBFB-4FAE-916F-A9137532DDF8}.Release|x86.ActiveCfg = Release|Any CPU
		{8621B2BF-EBFB-4FAE-916F-A9137532DDF8}.Release|x86.Build.0 = Release|Any CPU
		{8621B2BF-EBFB-4FAE-916F-A9137532DDF8}.ReleaseNoSign|Any CPU.ActiveCfg = ReleaseNoSign|Any CPU
		{8621B2BF-EBFB-4FAE-916F-A9137532DDF8}.ReleaseNoSign|Any CPU.Build.0 = ReleaseNoSign|Any CPU
		{8621B2BF-EBFB-4FAE-916F-A9137532DDF8}.ReleaseNoSign|x64.ActiveCfg = ReleaseNoSign|Any CPU
		{8621B2BF-EBFB-4FAE-916F-A9137532DDF8}.ReleaseNoSign|x64.Build.0 = ReleaseNoSign|Any CPU
		{8621B2BF-EBFB-4FAE-916F-A9137532DDF8}.ReleaseNoSign|x86.ActiveCfg = ReleaseNoSign|Any CPU
		{8621B2BF-EBFB-4FAE-916F-A9137532DDF8}.ReleaseNoSign|x86.Build.0 = ReleaseNoSign|Any CPU
		{598FADDF-584B-4AFC-8B42-3C4612504DA6}.Debug|Any CPU.ActiveCfg = Debug|Any CPU
		{598FADDF-584B-4AFC-8B42-3C4612504DA6}.Debug|Any CPU.Build.0 = Debug|Any CPU
		{598FADDF-584B-4AFC-8B42-3C4612504DA6}.Debug|x64.ActiveCfg = Debug|Any CPU
		{598FADDF-584B-4AFC-8B42-3C4612504DA6}.Debug|x64.Build.0 = Debug|Any CPU
		{598FADDF-584B-4AFC-8B42-3C4612504DA6}.Debug|x86.ActiveCfg = Debug|Any CPU
		{598FADDF-584B-4AFC-8B42-3C4612504DA6}.Debug|x86.Build.0 = Debug|Any CPU
		{598FADDF-584B-4AFC-8B42-3C4612504DA6}.DebugNoSign|Any CPU.ActiveCfg = DebugNoSign|Any CPU
		{598FADDF-584B-4AFC-8B42-3C4612504DA6}.DebugNoSign|Any CPU.Build.0 = DebugNoSign|Any CPU
		{598FADDF-584B-4AFC-8B42-3C4612504DA6}.DebugNoSign|x64.ActiveCfg = DebugNoSign|Any CPU
		{598FADDF-584B-4AFC-8B42-3C4612504DA6}.DebugNoSign|x64.Build.0 = DebugNoSign|Any CPU
		{598FADDF-584B-4AFC-8B42-3C4612504DA6}.DebugNoSign|x86.ActiveCfg = DebugNoSign|Any CPU
		{598FADDF-584B-4AFC-8B42-3C4612504DA6}.DebugNoSign|x86.Build.0 = DebugNoSign|Any CPU
		{598FADDF-584B-4AFC-8B42-3C4612504DA6}.Release|Any CPU.ActiveCfg = Release|Any CPU
		{598FADDF-584B-4AFC-8B42-3C4612504DA6}.Release|Any CPU.Build.0 = Release|Any CPU
		{598FADDF-584B-4AFC-8B42-3C4612504DA6}.Release|x64.ActiveCfg = Release|Any CPU
		{598FADDF-584B-4AFC-8B42-3C4612504DA6}.Release|x64.Build.0 = Release|Any CPU
		{598FADDF-584B-4AFC-8B42-3C4612504DA6}.Release|x86.ActiveCfg = Release|Any CPU
		{598FADDF-584B-4AFC-8B42-3C4612504DA6}.Release|x86.Build.0 = Release|Any CPU
		{598FADDF-584B-4AFC-8B42-3C4612504DA6}.ReleaseNoSign|Any CPU.ActiveCfg = ReleaseNoSign|Any CPU
		{598FADDF-584B-4AFC-8B42-3C4612504DA6}.ReleaseNoSign|Any CPU.Build.0 = ReleaseNoSign|Any CPU
		{598FADDF-584B-4AFC-8B42-3C4612504DA6}.ReleaseNoSign|x64.ActiveCfg = ReleaseNoSign|Any CPU
		{598FADDF-584B-4AFC-8B42-3C4612504DA6}.ReleaseNoSign|x64.Build.0 = ReleaseNoSign|Any CPU
		{598FADDF-584B-4AFC-8B42-3C4612504DA6}.ReleaseNoSign|x86.ActiveCfg = ReleaseNoSign|Any CPU
		{598FADDF-584B-4AFC-8B42-3C4612504DA6}.ReleaseNoSign|x86.Build.0 = ReleaseNoSign|Any CPU
		{4F6D4AD0-B8A5-48FE-8692-B86FCB91D4CB}.Debug|Any CPU.ActiveCfg = Debug|Any CPU
		{4F6D4AD0-B8A5-48FE-8692-B86FCB91D4CB}.Debug|Any CPU.Build.0 = Debug|Any CPU
		{4F6D4AD0-B8A5-48FE-8692-B86FCB91D4CB}.Debug|x64.ActiveCfg = Debug|Any CPU
		{4F6D4AD0-B8A5-48FE-8692-B86FCB91D4CB}.Debug|x64.Build.0 = Debug|Any CPU
		{4F6D4AD0-B8A5-48FE-8692-B86FCB91D4CB}.Debug|x86.ActiveCfg = Debug|Any CPU
		{4F6D4AD0-B8A5-48FE-8692-B86FCB91D4CB}.Debug|x86.Build.0 = Debug|Any CPU
		{4F6D4AD0-B8A5-48FE-8692-B86FCB91D4CB}.DebugNoSign|Any CPU.ActiveCfg = DebugNoSign|Any CPU
		{4F6D4AD0-B8A5-48FE-8692-B86FCB91D4CB}.DebugNoSign|Any CPU.Build.0 = DebugNoSign|Any CPU
		{4F6D4AD0-B8A5-48FE-8692-B86FCB91D4CB}.DebugNoSign|x64.ActiveCfg = DebugNoSign|Any CPU
		{4F6D4AD0-B8A5-48FE-8692-B86FCB91D4CB}.DebugNoSign|x64.Build.0 = DebugNoSign|Any CPU
		{4F6D4AD0-B8A5-48FE-8692-B86FCB91D4CB}.DebugNoSign|x86.ActiveCfg = DebugNoSign|Any CPU
		{4F6D4AD0-B8A5-48FE-8692-B86FCB91D4CB}.DebugNoSign|x86.Build.0 = DebugNoSign|Any CPU
		{4F6D4AD0-B8A5-48FE-8692-B86FCB91D4CB}.Release|Any CPU.ActiveCfg = Release|Any CPU
		{4F6D4AD0-B8A5-48FE-8692-B86FCB91D4CB}.Release|Any CPU.Build.0 = Release|Any CPU
		{4F6D4AD0-B8A5-48FE-8692-B86FCB91D4CB}.Release|x64.ActiveCfg = Release|Any CPU
		{4F6D4AD0-B8A5-48FE-8692-B86FCB91D4CB}.Release|x64.Build.0 = Release|Any CPU
		{4F6D4AD0-B8A5-48FE-8692-B86FCB91D4CB}.Release|x86.ActiveCfg = Release|Any CPU
		{4F6D4AD0-B8A5-48FE-8692-B86FCB91D4CB}.Release|x86.Build.0 = Release|Any CPU
		{4F6D4AD0-B8A5-48FE-8692-B86FCB91D4CB}.ReleaseNoSign|Any CPU.ActiveCfg = ReleaseNoSign|Any CPU
		{4F6D4AD0-B8A5-48FE-8692-B86FCB91D4CB}.ReleaseNoSign|Any CPU.Build.0 = ReleaseNoSign|Any CPU
		{4F6D4AD0-B8A5-48FE-8692-B86FCB91D4CB}.ReleaseNoSign|x64.ActiveCfg = ReleaseNoSign|Any CPU
		{4F6D4AD0-B8A5-48FE-8692-B86FCB91D4CB}.ReleaseNoSign|x64.Build.0 = ReleaseNoSign|Any CPU
		{4F6D4AD0-B8A5-48FE-8692-B86FCB91D4CB}.ReleaseNoSign|x86.ActiveCfg = ReleaseNoSign|Any CPU
		{4F6D4AD0-B8A5-48FE-8692-B86FCB91D4CB}.ReleaseNoSign|x86.Build.0 = ReleaseNoSign|Any CPU
		{1B775CF1-8646-4514-971E-C608DE6EC37C}.Debug|Any CPU.ActiveCfg = Debug|Any CPU
		{1B775CF1-8646-4514-971E-C608DE6EC37C}.Debug|Any CPU.Build.0 = Debug|Any CPU
		{1B775CF1-8646-4514-971E-C608DE6EC37C}.Debug|x64.ActiveCfg = Debug|x64
		{1B775CF1-8646-4514-971E-C608DE6EC37C}.Debug|x64.Build.0 = Debug|x64
		{1B775CF1-8646-4514-971E-C608DE6EC37C}.Debug|x86.ActiveCfg = Debug|x86
		{1B775CF1-8646-4514-971E-C608DE6EC37C}.Debug|x86.Build.0 = Debug|x86
		{1B775CF1-8646-4514-971E-C608DE6EC37C}.DebugNoSign|Any CPU.ActiveCfg = DebugNoSign|Any CPU
		{1B775CF1-8646-4514-971E-C608DE6EC37C}.DebugNoSign|Any CPU.Build.0 = DebugNoSign|Any CPU
		{1B775CF1-8646-4514-971E-C608DE6EC37C}.DebugNoSign|x64.ActiveCfg = DebugNoSign|x64
		{1B775CF1-8646-4514-971E-C608DE6EC37C}.DebugNoSign|x64.Build.0 = DebugNoSign|x64
		{1B775CF1-8646-4514-971E-C608DE6EC37C}.DebugNoSign|x86.ActiveCfg = DebugNoSign|x86
		{1B775CF1-8646-4514-971E-C608DE6EC37C}.DebugNoSign|x86.Build.0 = DebugNoSign|x86
		{1B775CF1-8646-4514-971E-C608DE6EC37C}.Release|Any CPU.ActiveCfg = Release|Any CPU
		{1B775CF1-8646-4514-971E-C608DE6EC37C}.Release|Any CPU.Build.0 = Release|Any CPU
		{1B775CF1-8646-4514-971E-C608DE6EC37C}.Release|x64.ActiveCfg = Release|x64
		{1B775CF1-8646-4514-971E-C608DE6EC37C}.Release|x64.Build.0 = Release|x64
		{1B775CF1-8646-4514-971E-C608DE6EC37C}.Release|x86.ActiveCfg = Release|x86
		{1B775CF1-8646-4514-971E-C608DE6EC37C}.Release|x86.Build.0 = Release|x86
		{1B775CF1-8646-4514-971E-C608DE6EC37C}.ReleaseNoSign|Any CPU.ActiveCfg = ReleaseNoSign|Any CPU
		{1B775CF1-8646-4514-971E-C608DE6EC37C}.ReleaseNoSign|Any CPU.Build.0 = ReleaseNoSign|Any CPU
		{1B775CF1-8646-4514-971E-C608DE6EC37C}.ReleaseNoSign|x64.ActiveCfg = ReleaseNoSign|x64
		{1B775CF1-8646-4514-971E-C608DE6EC37C}.ReleaseNoSign|x64.Build.0 = ReleaseNoSign|x64
		{1B775CF1-8646-4514-971E-C608DE6EC37C}.ReleaseNoSign|x86.ActiveCfg = ReleaseNoSign|x86
		{1B775CF1-8646-4514-971E-C608DE6EC37C}.ReleaseNoSign|x86.Build.0 = ReleaseNoSign|x86
		{81C9BECB-DC4A-4B10-AECB-0AD5B9FFC619}.Debug|Any CPU.ActiveCfg = Debug|Any CPU
		{81C9BECB-DC4A-4B10-AECB-0AD5B9FFC619}.Debug|Any CPU.Build.0 = Debug|Any CPU
		{81C9BECB-DC4A-4B10-AECB-0AD5B9FFC619}.Debug|x64.ActiveCfg = Debug|Any CPU
		{81C9BECB-DC4A-4B10-AECB-0AD5B9FFC619}.Debug|x64.Build.0 = Debug|Any CPU
		{81C9BECB-DC4A-4B10-AECB-0AD5B9FFC619}.Debug|x86.ActiveCfg = Debug|Any CPU
		{81C9BECB-DC4A-4B10-AECB-0AD5B9FFC619}.Debug|x86.Build.0 = Debug|Any CPU
		{81C9BECB-DC4A-4B10-AECB-0AD5B9FFC619}.DebugNoSign|Any CPU.ActiveCfg = DebugNoSign|Any CPU
		{81C9BECB-DC4A-4B10-AECB-0AD5B9FFC619}.DebugNoSign|Any CPU.Build.0 = DebugNoSign|Any CPU
		{81C9BECB-DC4A-4B10-AECB-0AD5B9FFC619}.DebugNoSign|x64.ActiveCfg = DebugNoSign|Any CPU
		{81C9BECB-DC4A-4B10-AECB-0AD5B9FFC619}.DebugNoSign|x64.Build.0 = DebugNoSign|Any CPU
		{81C9BECB-DC4A-4B10-AECB-0AD5B9FFC619}.DebugNoSign|x86.ActiveCfg = DebugNoSign|Any CPU
		{81C9BECB-DC4A-4B10-AECB-0AD5B9FFC619}.DebugNoSign|x86.Build.0 = DebugNoSign|Any CPU
		{81C9BECB-DC4A-4B10-AECB-0AD5B9FFC619}.Release|Any CPU.ActiveCfg = Release|Any CPU
		{81C9BECB-DC4A-4B10-AECB-0AD5B9FFC619}.Release|Any CPU.Build.0 = Release|Any CPU
		{81C9BECB-DC4A-4B10-AECB-0AD5B9FFC619}.Release|x64.ActiveCfg = Release|Any CPU
		{81C9BECB-DC4A-4B10-AECB-0AD5B9FFC619}.Release|x64.Build.0 = Release|Any CPU
		{81C9BECB-DC4A-4B10-AECB-0AD5B9FFC619}.Release|x86.ActiveCfg = Release|Any CPU
		{81C9BECB-DC4A-4B10-AECB-0AD5B9FFC619}.Release|x86.Build.0 = Release|Any CPU
		{81C9BECB-DC4A-4B10-AECB-0AD5B9FFC619}.ReleaseNoSign|Any CPU.ActiveCfg = ReleaseNoSign|Any CPU
		{81C9BECB-DC4A-4B10-AECB-0AD5B9FFC619}.ReleaseNoSign|Any CPU.Build.0 = ReleaseNoSign|Any CPU
		{81C9BECB-DC4A-4B10-AECB-0AD5B9FFC619}.ReleaseNoSign|x64.ActiveCfg = ReleaseNoSign|Any CPU
		{81C9BECB-DC4A-4B10-AECB-0AD5B9FFC619}.ReleaseNoSign|x64.Build.0 = ReleaseNoSign|Any CPU
		{81C9BECB-DC4A-4B10-AECB-0AD5B9FFC619}.ReleaseNoSign|x86.ActiveCfg = ReleaseNoSign|Any CPU
		{81C9BECB-DC4A-4B10-AECB-0AD5B9FFC619}.ReleaseNoSign|x86.Build.0 = ReleaseNoSign|Any CPU
		{7EAAC002-AFB5-4BE8-8818-A1170ABC77A1}.Debug|Any CPU.ActiveCfg = Debug|Any CPU
		{7EAAC002-AFB5-4BE8-8818-A1170ABC77A1}.Debug|Any CPU.Build.0 = Debug|Any CPU
		{7EAAC002-AFB5-4BE8-8818-A1170ABC77A1}.Debug|x64.ActiveCfg = Debug|Any CPU
		{7EAAC002-AFB5-4BE8-8818-A1170ABC77A1}.Debug|x64.Build.0 = Debug|Any CPU
		{7EAAC002-AFB5-4BE8-8818-A1170ABC77A1}.Debug|x86.ActiveCfg = Debug|Any CPU
		{7EAAC002-AFB5-4BE8-8818-A1170ABC77A1}.Debug|x86.Build.0 = Debug|Any CPU
		{7EAAC002-AFB5-4BE8-8818-A1170ABC77A1}.DebugNoSign|Any CPU.ActiveCfg = DebugNoSign|Any CPU
		{7EAAC002-AFB5-4BE8-8818-A1170ABC77A1}.DebugNoSign|Any CPU.Build.0 = DebugNoSign|Any CPU
		{7EAAC002-AFB5-4BE8-8818-A1170ABC77A1}.DebugNoSign|x64.ActiveCfg = DebugNoSign|Any CPU
		{7EAAC002-AFB5-4BE8-8818-A1170ABC77A1}.DebugNoSign|x64.Build.0 = DebugNoSign|Any CPU
		{7EAAC002-AFB5-4BE8-8818-A1170ABC77A1}.DebugNoSign|x86.ActiveCfg = DebugNoSign|Any CPU
		{7EAAC002-AFB5-4BE8-8818-A1170ABC77A1}.DebugNoSign|x86.Build.0 = DebugNoSign|Any CPU
		{7EAAC002-AFB5-4BE8-8818-A1170ABC77A1}.Release|Any CPU.ActiveCfg = Release|Any CPU
		{7EAAC002-AFB5-4BE8-8818-A1170ABC77A1}.Release|Any CPU.Build.0 = Release|Any CPU
		{7EAAC002-AFB5-4BE8-8818-A1170ABC77A1}.Release|x64.ActiveCfg = Release|Any CPU
		{7EAAC002-AFB5-4BE8-8818-A1170ABC77A1}.Release|x64.Build.0 = Release|Any CPU
		{7EAAC002-AFB5-4BE8-8818-A1170ABC77A1}.Release|x86.ActiveCfg = Release|Any CPU
		{7EAAC002-AFB5-4BE8-8818-A1170ABC77A1}.Release|x86.Build.0 = Release|Any CPU
		{7EAAC002-AFB5-4BE8-8818-A1170ABC77A1}.ReleaseNoSign|Any CPU.ActiveCfg = ReleaseNoSign|Any CPU
		{7EAAC002-AFB5-4BE8-8818-A1170ABC77A1}.ReleaseNoSign|Any CPU.Build.0 = ReleaseNoSign|Any CPU
		{7EAAC002-AFB5-4BE8-8818-A1170ABC77A1}.ReleaseNoSign|x64.ActiveCfg = ReleaseNoSign|Any CPU
		{7EAAC002-AFB5-4BE8-8818-A1170ABC77A1}.ReleaseNoSign|x64.Build.0 = ReleaseNoSign|Any CPU
		{7EAAC002-AFB5-4BE8-8818-A1170ABC77A1}.ReleaseNoSign|x86.ActiveCfg = ReleaseNoSign|Any CPU
		{7EAAC002-AFB5-4BE8-8818-A1170ABC77A1}.ReleaseNoSign|x86.Build.0 = ReleaseNoSign|Any CPU
		{E3111C0D-6B23-462D-991B-6BCC7852221D}.Debug|Any CPU.ActiveCfg = Debug|Any CPU
		{E3111C0D-6B23-462D-991B-6BCC7852221D}.Debug|Any CPU.Build.0 = Debug|Any CPU
		{E3111C0D-6B23-462D-991B-6BCC7852221D}.Debug|x64.ActiveCfg = Debug|Any CPU
		{E3111C0D-6B23-462D-991B-6BCC7852221D}.Debug|x64.Build.0 = Debug|Any CPU
		{E3111C0D-6B23-462D-991B-6BCC7852221D}.Debug|x86.ActiveCfg = Debug|Any CPU
		{E3111C0D-6B23-462D-991B-6BCC7852221D}.Debug|x86.Build.0 = Debug|Any CPU
		{E3111C0D-6B23-462D-991B-6BCC7852221D}.DebugNoSign|Any CPU.ActiveCfg = DebugNoSign|Any CPU
		{E3111C0D-6B23-462D-991B-6BCC7852221D}.DebugNoSign|Any CPU.Build.0 = DebugNoSign|Any CPU
		{E3111C0D-6B23-462D-991B-6BCC7852221D}.DebugNoSign|x64.ActiveCfg = DebugNoSign|Any CPU
		{E3111C0D-6B23-462D-991B-6BCC7852221D}.DebugNoSign|x64.Build.0 = DebugNoSign|Any CPU
		{E3111C0D-6B23-462D-991B-6BCC7852221D}.DebugNoSign|x86.ActiveCfg = DebugNoSign|Any CPU
		{E3111C0D-6B23-462D-991B-6BCC7852221D}.DebugNoSign|x86.Build.0 = DebugNoSign|Any CPU
		{E3111C0D-6B23-462D-991B-6BCC7852221D}.Release|Any CPU.ActiveCfg = Release|Any CPU
		{E3111C0D-6B23-462D-991B-6BCC7852221D}.Release|Any CPU.Build.0 = Release|Any CPU
		{E3111C0D-6B23-462D-991B-6BCC7852221D}.Release|x64.ActiveCfg = Release|Any CPU
		{E3111C0D-6B23-462D-991B-6BCC7852221D}.Release|x64.Build.0 = Release|Any CPU
		{E3111C0D-6B23-462D-991B-6BCC7852221D}.Release|x86.ActiveCfg = Release|Any CPU
		{E3111C0D-6B23-462D-991B-6BCC7852221D}.Release|x86.Build.0 = Release|Any CPU
		{E3111C0D-6B23-462D-991B-6BCC7852221D}.ReleaseNoSign|Any CPU.ActiveCfg = ReleaseNoSign|Any CPU
		{E3111C0D-6B23-462D-991B-6BCC7852221D}.ReleaseNoSign|Any CPU.Build.0 = ReleaseNoSign|Any CPU
		{E3111C0D-6B23-462D-991B-6BCC7852221D}.ReleaseNoSign|x64.ActiveCfg = ReleaseNoSign|Any CPU
		{E3111C0D-6B23-462D-991B-6BCC7852221D}.ReleaseNoSign|x64.Build.0 = ReleaseNoSign|Any CPU
		{E3111C0D-6B23-462D-991B-6BCC7852221D}.ReleaseNoSign|x86.ActiveCfg = ReleaseNoSign|Any CPU
		{E3111C0D-6B23-462D-991B-6BCC7852221D}.ReleaseNoSign|x86.Build.0 = ReleaseNoSign|Any CPU
	EndGlobalSection
	GlobalSection(SolutionProperties) = preSolution
		HideSolutionNode = FALSE
	EndGlobalSection
	GlobalSection(NestedProjects) = preSolution
		{4CDC246D-0536-4B43-BBE8-128440BE8312} = {B9F06E43-484C-455A-BCE5-A53A69EAEC0A}
		{EE85A328-CCB1-4EDC-9574-567B4930CBF5} = {B9F06E43-484C-455A-BCE5-A53A69EAEC0A}
		{FA2D5279-57E7-4268-8033-5B9916674783} = {B9F06E43-484C-455A-BCE5-A53A69EAEC0A}
		{1E1B5101-A226-4E86-B01D-8E7A0B39F953} = {B9F06E43-484C-455A-BCE5-A53A69EAEC0A}
		{A5B9ECB6-4080-4DC8-BCB5-4C84972E8466} = {B9F06E43-484C-455A-BCE5-A53A69EAEC0A}
		{5C2655D7-5A07-4C18-8E29-0B676CA20AF3} = {B9F06E43-484C-455A-BCE5-A53A69EAEC0A}
		{598FADDF-584B-4AFC-8B42-3C4612504DA6} = {B9F06E43-484C-455A-BCE5-A53A69EAEC0A}
		{81C9BECB-DC4A-4B10-AECB-0AD5B9FFC619} = {B9F06E43-484C-455A-BCE5-A53A69EAEC0A}
		{7EAAC002-AFB5-4BE8-8818-A1170ABC77A1} = {B9F06E43-484C-455A-BCE5-A53A69EAEC0A}
		{E3111C0D-6B23-462D-991B-6BCC7852221D} = {B9F06E43-484C-455A-BCE5-A53A69EAEC0A}
		{69CBA2E1-8DF4-4483-A54C-FCD1578DCA78} = {3E5282F1-7B0F-4C78-A90A-EE8DE3CC9D21}
		{1B775CF1-8646-4514-971E-C608DE6EC37C} = {3E5282F1-7B0F-4C78-A90A-EE8DE3CC9D21}
		{CECE0DEF-E568-42C1-81CF-9BD5F532A76D} = {7CC51D41-2D26-4493-9943-69A6D049AF53}
		{01A70074-BAA2-4A1F-BFDC-F99FC408BDEB} = {7CC51D41-2D26-4493-9943-69A6D049AF53}
		{8621B2BF-EBFB-4FAE-916F-A9137532DDF8} = {7CC51D41-2D26-4493-9943-69A6D049AF53}
		{4F6D4AD0-B8A5-48FE-8692-B86FCB91D4CB} = {7CC51D41-2D26-4493-9943-69A6D049AF53}
	EndGlobalSection
	GlobalSection(SubversionScc) = preSolution
		Svn-Managed = True
		Manager = AnkhSVN - Subversion Support for Visual Studio
	EndGlobalSection
EndGlobal
