
Microsoft Visual Studio Solution File, Format Version 10.00
# Visual Studio 2008
Project("{FAE04EC0-301F-11D3-BF4B-00C04F79EFBC}") = "MetaTweetServer", "MetaTweetServer\MetaTweetServer.csproj", "{D82BEE65-B947-49A7-957D-4878BF0E4A07}"
EndProject
Project("{FAE04EC0-301F-11D3-BF4B-00C04F79EFBC}") = "MetaTweetHostService", "MetaTweetHostService\MetaTweetHostService.csproj", "{63E6CA8A-FB0B-48E0-97ED-1CD67C3D5EF6}"
EndProject
Project("{FAE04EC0-301F-11D3-BF4B-00C04F79EFBC}") = "XSpectCommonFramework", "XSpectCommonFramework\XSpectCommonFramework.csproj", "{244CFA1F-08D5-40AE-9442-0176AE092709}"
EndProject
Project("{FAE04EC0-301F-11D3-BF4B-00C04F79EFBC}") = "SQLiteStorage", "SQLiteStorage\SQLiteStorage.csproj", "{4CDC246D-0536-4B43-BBE8-128440BE8312}"
EndProject
Project("{FAE04EC0-301F-11D3-BF4B-00C04F79EFBC}") = "MetaTweetObjectModel", "MetaTweetObjectModel\MetaTweetObjectModel.csproj", "{CD0E1F73-A835-422F-839F-05D9ED07DD2C}"
EndProject
Project("{FAE04EC0-301F-11D3-BF4B-00C04F79EFBC}") = "RemotingServant", "RemotingServant\RemotingServant.csproj", "{EE85A328-CCB1-4EDC-9574-567B4930CBF5}"
EndProject
Project("{FAE04EC0-301F-11D3-BF4B-00C04F79EFBC}") = "TwitterApiFlow", "TwitterApiFlow\TwitterApiFlow.csproj", "{FA2D5279-57E7-4268-8033-5B9916674783}"
	ProjectSection(ProjectDependencies) = postProject
		{1E1B5101-A226-4E86-B01D-8E7A0B39F953} = {1E1B5101-A226-4E86-B01D-8E7A0B39F953}
		{EE85A328-CCB1-4EDC-9574-567B4930CBF5} = {EE85A328-CCB1-4EDC-9574-567B4930CBF5}
		{4CDC246D-0536-4B43-BBE8-128440BE8312} = {4CDC246D-0536-4B43-BBE8-128440BE8312}
	EndProjectSection
EndProject
Project("{2150E333-8FDC-42A3-9474-1A3956D46DE8}") = "Module", "Module", "{B9F06E43-484C-455A-BCE5-A53A69EAEC0A}"
EndProject
Project("{FAE04EC0-301F-11D3-BF4B-00C04F79EFBC}") = "LocalServant", "LocalServant\LocalServant.csproj", "{1E1B5101-A226-4E86-B01D-8E7A0B39F953}"
EndProject
Project("{FAE04EC0-301F-11D3-BF4B-00C04F79EFBC}") = "SystemFlow", "SystemFlow\SystemFlow.csproj", "{A5B9ECB6-4080-4DC8-BCB5-4C84972E8466}"
EndProject
Project("{FAE04EC0-301F-11D3-BF4B-00C04F79EFBC}") = "XSpectWindowsFormsSupplement", "XSpectWindowsFormsSupplement\XSpectWindowsFormsSupplement.csproj", "{4F8C0A7F-EB64-4931-AC13-3EA5E28B9C4A}"
EndProject
Project("{FAE04EC0-301F-11D3-BF4B-00C04F79EFBC}") = "TwitterWebFlow", "TwitterWebFlow\TwitterWebFlow.csproj", "{5C2655D7-5A07-4C18-8E29-0B676CA20AF3}"
EndProject
Project("{2150E333-8FDC-42A3-9474-1A3956D46DE8}") = "Client", "Client", "{3E5282F1-7B0F-4C78-A90A-EE8DE3CC9D21}"
EndProject
Project("{FAE04EC0-301F-11D3-BF4B-00C04F79EFBC}") = "MetaTweetMint", "MetaTweetMint\MetaTweetMint.csproj", "{69CBA2E1-8DF4-4483-A54C-FCD1578DCA78}"
	ProjectSection(ProjectDependencies) = postProject
		{1E1B5101-A226-4E86-B01D-8E7A0B39F953} = {1E1B5101-A226-4E86-B01D-8E7A0B39F953}
		{EE85A328-CCB1-4EDC-9574-567B4930CBF5} = {EE85A328-CCB1-4EDC-9574-567B4930CBF5}
		{4CDC246D-0536-4B43-BBE8-128440BE8312} = {4CDC246D-0536-4B43-BBE8-128440BE8312}
		{FA2D5279-57E7-4268-8033-5B9916674783} = {FA2D5279-57E7-4268-8033-5B9916674783}
		{63E6CA8A-FB0B-48E0-97ED-1CD67C3D5EF6} = {63E6CA8A-FB0B-48E0-97ED-1CD67C3D5EF6}
		{A5B9ECB6-4080-4DC8-BCB5-4C84972E8466} = {A5B9ECB6-4080-4DC8-BCB5-4C84972E8466}
		{5C2655D7-5A07-4C18-8E29-0B676CA20AF3} = {5C2655D7-5A07-4C18-8E29-0B676CA20AF3}
	EndProjectSection
EndProject
Project("{FAE04EC0-301F-11D3-BF4B-00C04F79EFBC}") = "Linx", "Linx\Linx\Linx.csproj", "{CECE0DEF-E568-42C1-81CF-9BD5F532A76D}"
EndProject
Project("{2150E333-8FDC-42A3-9474-1A3956D46DE8}") = "Library", "Library", "{7CC51D41-2D26-4493-9943-69A6D049AF53}"
EndProject
Global
	GlobalSection(SubversionScc) = preSolution
		Svn-Managed = True
		Manager = AnkhSVN - Subversion Support for Visual Studio
	EndGlobalSection
	GlobalSection(SolutionConfigurationPlatforms) = preSolution
		Debug|Any CPU = Debug|Any CPU
		DebugNoSign|Any CPU = DebugNoSign|Any CPU
		Release|Any CPU = Release|Any CPU
		ReleaseNoSign|Any CPU = ReleaseNoSign|Any CPU
		Description = MetaTweet (Hub system for micro-blog communication services) Copyright © 2008-2009 Takeshi KIRIYA, XSpect Project <takeshik@users.sf.net>, All rights reserved. Licensed under GNU LGPL version 3 or later.
	EndGlobalSection
	GlobalSection(ProjectConfigurationPlatforms) = postSolution
		{D82BEE65-B947-49A7-957D-4878BF0E4A07}.Debug|Any CPU.ActiveCfg = Debug|Any CPU
		{D82BEE65-B947-49A7-957D-4878BF0E4A07}.Debug|Any CPU.Build.0 = Debug|Any CPU
		{D82BEE65-B947-49A7-957D-4878BF0E4A07}.DebugNoSign|Any CPU.ActiveCfg = DebugNoSign|Any CPU
		{D82BEE65-B947-49A7-957D-4878BF0E4A07}.DebugNoSign|Any CPU.Build.0 = DebugNoSign|Any CPU
		{D82BEE65-B947-49A7-957D-4878BF0E4A07}.Release|Any CPU.ActiveCfg = Release|Any CPU
		{D82BEE65-B947-49A7-957D-4878BF0E4A07}.Release|Any CPU.Build.0 = Release|Any CPU
		{D82BEE65-B947-49A7-957D-4878BF0E4A07}.ReleaseNoSign|Any CPU.ActiveCfg = ReleaseNoSign|Any CPU
		{D82BEE65-B947-49A7-957D-4878BF0E4A07}.ReleaseNoSign|Any CPU.Build.0 = ReleaseNoSign|Any CPU
		{63E6CA8A-FB0B-48E0-97ED-1CD67C3D5EF6}.Debug|Any CPU.ActiveCfg = Debug|Any CPU
		{63E6CA8A-FB0B-48E0-97ED-1CD67C3D5EF6}.Debug|Any CPU.Build.0 = Debug|Any CPU
		{63E6CA8A-FB0B-48E0-97ED-1CD67C3D5EF6}.DebugNoSign|Any CPU.ActiveCfg = DebugNoSign|Any CPU
		{63E6CA8A-FB0B-48E0-97ED-1CD67C3D5EF6}.DebugNoSign|Any CPU.Build.0 = DebugNoSign|Any CPU
		{63E6CA8A-FB0B-48E0-97ED-1CD67C3D5EF6}.Release|Any CPU.ActiveCfg = Release|Any CPU
		{63E6CA8A-FB0B-48E0-97ED-1CD67C3D5EF6}.Release|Any CPU.Build.0 = Release|Any CPU
		{63E6CA8A-FB0B-48E0-97ED-1CD67C3D5EF6}.ReleaseNoSign|Any CPU.ActiveCfg = ReleaseNoSign|Any CPU
		{63E6CA8A-FB0B-48E0-97ED-1CD67C3D5EF6}.ReleaseNoSign|Any CPU.Build.0 = ReleaseNoSign|Any CPU
		{244CFA1F-08D5-40AE-9442-0176AE092709}.Debug|Any CPU.ActiveCfg = Debug|Any CPU
		{244CFA1F-08D5-40AE-9442-0176AE092709}.Debug|Any CPU.Build.0 = Debug|Any CPU
		{244CFA1F-08D5-40AE-9442-0176AE092709}.DebugNoSign|Any CPU.ActiveCfg = DebugNoSign|Any CPU
		{244CFA1F-08D5-40AE-9442-0176AE092709}.DebugNoSign|Any CPU.Build.0 = DebugNoSign|Any CPU
		{244CFA1F-08D5-40AE-9442-0176AE092709}.Release|Any CPU.ActiveCfg = Release|Any CPU
		{244CFA1F-08D5-40AE-9442-0176AE092709}.Release|Any CPU.Build.0 = Release|Any CPU
		{244CFA1F-08D5-40AE-9442-0176AE092709}.ReleaseNoSign|Any CPU.ActiveCfg = ReleaseNoSign|Any CPU
		{244CFA1F-08D5-40AE-9442-0176AE092709}.ReleaseNoSign|Any CPU.Build.0 = ReleaseNoSign|Any CPU
		{4CDC246D-0536-4B43-BBE8-128440BE8312}.Debug|Any CPU.ActiveCfg = Debug|Any CPU
		{4CDC246D-0536-4B43-BBE8-128440BE8312}.Debug|Any CPU.Build.0 = Debug|Any CPU
		{4CDC246D-0536-4B43-BBE8-128440BE8312}.DebugNoSign|Any CPU.ActiveCfg = DebugNoSign|Any CPU
		{4CDC246D-0536-4B43-BBE8-128440BE8312}.DebugNoSign|Any CPU.Build.0 = DebugNoSign|Any CPU
		{4CDC246D-0536-4B43-BBE8-128440BE8312}.Release|Any CPU.ActiveCfg = Release|Any CPU
		{4CDC246D-0536-4B43-BBE8-128440BE8312}.Release|Any CPU.Build.0 = Release|Any CPU
		{4CDC246D-0536-4B43-BBE8-128440BE8312}.ReleaseNoSign|Any CPU.ActiveCfg = ReleaseNoSign|Any CPU
		{4CDC246D-0536-4B43-BBE8-128440BE8312}.ReleaseNoSign|Any CPU.Build.0 = ReleaseNoSign|Any CPU
		{CD0E1F73-A835-422F-839F-05D9ED07DD2C}.Debug|Any CPU.ActiveCfg = Debug|Any CPU
		{CD0E1F73-A835-422F-839F-05D9ED07DD2C}.Debug|Any CPU.Build.0 = Debug|Any CPU
		{CD0E1F73-A835-422F-839F-05D9ED07DD2C}.DebugNoSign|Any CPU.ActiveCfg = DebugNoSign|Any CPU
		{CD0E1F73-A835-422F-839F-05D9ED07DD2C}.DebugNoSign|Any CPU.Build.0 = DebugNoSign|Any CPU
		{CD0E1F73-A835-422F-839F-05D9ED07DD2C}.Release|Any CPU.ActiveCfg = Release|Any CPU
		{CD0E1F73-A835-422F-839F-05D9ED07DD2C}.Release|Any CPU.Build.0 = Release|Any CPU
		{CD0E1F73-A835-422F-839F-05D9ED07DD2C}.ReleaseNoSign|Any CPU.ActiveCfg = ReleaseNoSign|Any CPU
		{CD0E1F73-A835-422F-839F-05D9ED07DD2C}.ReleaseNoSign|Any CPU.Build.0 = ReleaseNoSign|Any CPU
		{EE85A328-CCB1-4EDC-9574-567B4930CBF5}.Debug|Any CPU.ActiveCfg = Debug|Any CPU
		{EE85A328-CCB1-4EDC-9574-567B4930CBF5}.Debug|Any CPU.Build.0 = Debug|Any CPU
		{EE85A328-CCB1-4EDC-9574-567B4930CBF5}.DebugNoSign|Any CPU.ActiveCfg = DebugNoSign|Any CPU
		{EE85A328-CCB1-4EDC-9574-567B4930CBF5}.DebugNoSign|Any CPU.Build.0 = DebugNoSign|Any CPU
		{EE85A328-CCB1-4EDC-9574-567B4930CBF5}.Release|Any CPU.ActiveCfg = Release|Any CPU
		{EE85A328-CCB1-4EDC-9574-567B4930CBF5}.Release|Any CPU.Build.0 = Release|Any CPU
		{EE85A328-CCB1-4EDC-9574-567B4930CBF5}.ReleaseNoSign|Any CPU.ActiveCfg = ReleaseNoSign|Any CPU
		{EE85A328-CCB1-4EDC-9574-567B4930CBF5}.ReleaseNoSign|Any CPU.Build.0 = ReleaseNoSign|Any CPU
		{FA2D5279-57E7-4268-8033-5B9916674783}.Debug|Any CPU.ActiveCfg = Debug|Any CPU
		{FA2D5279-57E7-4268-8033-5B9916674783}.Debug|Any CPU.Build.0 = Debug|Any CPU
		{FA2D5279-57E7-4268-8033-5B9916674783}.DebugNoSign|Any CPU.ActiveCfg = DebugNoSign|Any CPU
		{FA2D5279-57E7-4268-8033-5B9916674783}.DebugNoSign|Any CPU.Build.0 = DebugNoSign|Any CPU
		{FA2D5279-57E7-4268-8033-5B9916674783}.Release|Any CPU.ActiveCfg = Release|Any CPU
		{FA2D5279-57E7-4268-8033-5B9916674783}.Release|Any CPU.Build.0 = Release|Any CPU
		{FA2D5279-57E7-4268-8033-5B9916674783}.ReleaseNoSign|Any CPU.ActiveCfg = ReleaseNoSign|Any CPU
		{FA2D5279-57E7-4268-8033-5B9916674783}.ReleaseNoSign|Any CPU.Build.0 = ReleaseNoSign|Any CPU
		{1E1B5101-A226-4E86-B01D-8E7A0B39F953}.Debug|Any CPU.ActiveCfg = Debug|Any CPU
		{1E1B5101-A226-4E86-B01D-8E7A0B39F953}.Debug|Any CPU.Build.0 = Debug|Any CPU
		{1E1B5101-A226-4E86-B01D-8E7A0B39F953}.DebugNoSign|Any CPU.ActiveCfg = DebugNoSign|Any CPU
		{1E1B5101-A226-4E86-B01D-8E7A0B39F953}.DebugNoSign|Any CPU.Build.0 = DebugNoSign|Any CPU
		{1E1B5101-A226-4E86-B01D-8E7A0B39F953}.Release|Any CPU.ActiveCfg = Release|Any CPU
		{1E1B5101-A226-4E86-B01D-8E7A0B39F953}.Release|Any CPU.Build.0 = Release|Any CPU
		{1E1B5101-A226-4E86-B01D-8E7A0B39F953}.ReleaseNoSign|Any CPU.ActiveCfg = ReleaseNoSign|Any CPU
		{1E1B5101-A226-4E86-B01D-8E7A0B39F953}.ReleaseNoSign|Any CPU.Build.0 = ReleaseNoSign|Any CPU
		{A5B9ECB6-4080-4DC8-BCB5-4C84972E8466}.Debug|Any CPU.ActiveCfg = Debug|Any CPU
		{A5B9ECB6-4080-4DC8-BCB5-4C84972E8466}.Debug|Any CPU.Build.0 = Debug|Any CPU
		{A5B9ECB6-4080-4DC8-BCB5-4C84972E8466}.DebugNoSign|Any CPU.ActiveCfg = DebugNoSign|Any CPU
		{A5B9ECB6-4080-4DC8-BCB5-4C84972E8466}.DebugNoSign|Any CPU.Build.0 = DebugNoSign|Any CPU
		{A5B9ECB6-4080-4DC8-BCB5-4C84972E8466}.Release|Any CPU.ActiveCfg = Release|Any CPU
		{A5B9ECB6-4080-4DC8-BCB5-4C84972E8466}.Release|Any CPU.Build.0 = Release|Any CPU
		{A5B9ECB6-4080-4DC8-BCB5-4C84972E8466}.ReleaseNoSign|Any CPU.ActiveCfg = ReleaseNoSign|Any CPU
		{A5B9ECB6-4080-4DC8-BCB5-4C84972E8466}.ReleaseNoSign|Any CPU.Build.0 = ReleaseNoSign|Any CPU
		{4F8C0A7F-EB64-4931-AC13-3EA5E28B9C4A}.Debug|Any CPU.ActiveCfg = Debug|Any CPU
		{4F8C0A7F-EB64-4931-AC13-3EA5E28B9C4A}.Debug|Any CPU.Build.0 = Debug|Any CPU
		{4F8C0A7F-EB64-4931-AC13-3EA5E28B9C4A}.DebugNoSign|Any CPU.ActiveCfg = DebugNoSign|Any CPU
		{4F8C0A7F-EB64-4931-AC13-3EA5E28B9C4A}.DebugNoSign|Any CPU.Build.0 = DebugNoSign|Any CPU
		{4F8C0A7F-EB64-4931-AC13-3EA5E28B9C4A}.Release|Any CPU.ActiveCfg = Release|Any CPU
		{4F8C0A7F-EB64-4931-AC13-3EA5E28B9C4A}.Release|Any CPU.Build.0 = Release|Any CPU
		{4F8C0A7F-EB64-4931-AC13-3EA5E28B9C4A}.ReleaseNoSign|Any CPU.ActiveCfg = ReleaseNoSign|Any CPU
		{4F8C0A7F-EB64-4931-AC13-3EA5E28B9C4A}.ReleaseNoSign|Any CPU.Build.0 = ReleaseNoSign|Any CPU
		{5C2655D7-5A07-4C18-8E29-0B676CA20AF3}.Debug|Any CPU.ActiveCfg = Debug|Any CPU
		{5C2655D7-5A07-4C18-8E29-0B676CA20AF3}.Debug|Any CPU.Build.0 = Debug|Any CPU
		{5C2655D7-5A07-4C18-8E29-0B676CA20AF3}.DebugNoSign|Any CPU.ActiveCfg = DebugNoSign|Any CPU
		{5C2655D7-5A07-4C18-8E29-0B676CA20AF3}.DebugNoSign|Any CPU.Build.0 = DebugNoSign|Any CPU
		{5C2655D7-5A07-4C18-8E29-0B676CA20AF3}.Release|Any CPU.ActiveCfg = Release|Any CPU
		{5C2655D7-5A07-4C18-8E29-0B676CA20AF3}.Release|Any CPU.Build.0 = Release|Any CPU
		{5C2655D7-5A07-4C18-8E29-0B676CA20AF3}.ReleaseNoSign|Any CPU.ActiveCfg = ReleaseNoSign|Any CPU
		{5C2655D7-5A07-4C18-8E29-0B676CA20AF3}.ReleaseNoSign|Any CPU.Build.0 = ReleaseNoSign|Any CPU
		{69CBA2E1-8DF4-4483-A54C-FCD1578DCA78}.Debug|Any CPU.ActiveCfg = Debug|Any CPU
		{69CBA2E1-8DF4-4483-A54C-FCD1578DCA78}.Debug|Any CPU.Build.0 = Debug|Any CPU
		{69CBA2E1-8DF4-4483-A54C-FCD1578DCA78}.DebugNoSign|Any CPU.ActiveCfg = Debug|Any CPU
		{69CBA2E1-8DF4-4483-A54C-FCD1578DCA78}.DebugNoSign|Any CPU.Build.0 = Debug|Any CPU
		{69CBA2E1-8DF4-4483-A54C-FCD1578DCA78}.Release|Any CPU.ActiveCfg = Release|Any CPU
		{69CBA2E1-8DF4-4483-A54C-FCD1578DCA78}.Release|Any CPU.Build.0 = Release|Any CPU
		{69CBA2E1-8DF4-4483-A54C-FCD1578DCA78}.ReleaseNoSign|Any CPU.ActiveCfg = Release|Any CPU
		{69CBA2E1-8DF4-4483-A54C-FCD1578DCA78}.ReleaseNoSign|Any CPU.Build.0 = Release|Any CPU
		{CECE0DEF-E568-42C1-81CF-9BD5F532A76D}.Debug|Any CPU.ActiveCfg = Debug|Any CPU
		{CECE0DEF-E568-42C1-81CF-9BD5F532A76D}.Debug|Any CPU.Build.0 = Debug|Any CPU
		{CECE0DEF-E568-42C1-81CF-9BD5F532A76D}.DebugNoSign|Any CPU.ActiveCfg = Debug|Any CPU
		{CECE0DEF-E568-42C1-81CF-9BD5F532A76D}.DebugNoSign|Any CPU.Build.0 = Debug|Any CPU
		{CECE0DEF-E568-42C1-81CF-9BD5F532A76D}.Release|Any CPU.ActiveCfg = Release|Any CPU
		{CECE0DEF-E568-42C1-81CF-9BD5F532A76D}.Release|Any CPU.Build.0 = Release|Any CPU
		{CECE0DEF-E568-42C1-81CF-9BD5F532A76D}.ReleaseNoSign|Any CPU.ActiveCfg = Release|Any CPU
		{CECE0DEF-E568-42C1-81CF-9BD5F532A76D}.ReleaseNoSign|Any CPU.Build.0 = Release|Any CPU
	EndGlobalSection
	GlobalSection(SolutionProperties) = preSolution
		HideSolutionNode = FALSE
	EndGlobalSection
	GlobalSection(NestedProjects) = preSolution
		{4F8C0A7F-EB64-4931-AC13-3EA5E28B9C4A} = {7CC51D41-2D26-4493-9943-69A6D049AF53}
		{CECE0DEF-E568-42C1-81CF-9BD5F532A76D} = {7CC51D41-2D26-4493-9943-69A6D049AF53}
		{244CFA1F-08D5-40AE-9442-0176AE092709} = {7CC51D41-2D26-4493-9943-69A6D049AF53}
		{EE85A328-CCB1-4EDC-9574-567B4930CBF5} = {B9F06E43-484C-455A-BCE5-A53A69EAEC0A}
		{FA2D5279-57E7-4268-8033-5B9916674783} = {B9F06E43-484C-455A-BCE5-A53A69EAEC0A}
		{4CDC246D-0536-4B43-BBE8-128440BE8312} = {B9F06E43-484C-455A-BCE5-A53A69EAEC0A}
		{1E1B5101-A226-4E86-B01D-8E7A0B39F953} = {B9F06E43-484C-455A-BCE5-A53A69EAEC0A}
		{A5B9ECB6-4080-4DC8-BCB5-4C84972E8466} = {B9F06E43-484C-455A-BCE5-A53A69EAEC0A}
		{5C2655D7-5A07-4C18-8E29-0B676CA20AF3} = {B9F06E43-484C-455A-BCE5-A53A69EAEC0A}
		{69CBA2E1-8DF4-4483-A54C-FCD1578DCA78} = {3E5282F1-7B0F-4C78-A90A-EE8DE3CC9D21}
	EndGlobalSection
EndGlobal
